// !$*UTF8*$!
{
	archiveVersion = 1;
	classes = {
	};
	objectVersion = 53;
	objects = {

/* Begin PBXBuildFile section */
		006D39F8245F78EC00BE4736 /* Json.swift in Sources */ = {isa = PBXBuildFile; fileRef = 006D39F7245F78EC00BE4736 /* Json.swift */; };
		006D39FC24603C7400BE4736 /* AltUrunSayfasi.swift in Sources */ = {isa = PBXBuildFile; fileRef = 006D39FB24603C7400BE4736 /* AltUrunSayfasi.swift */; };
		006DA749246C2A490043DD3F /* CartBarCell.swift in Sources */ = {isa = PBXBuildFile; fileRef = 006DA747246C2A490043DD3F /* CartBarCell.swift */; };
		006DA74A246C2A490043DD3F /* CartBarCell.xib in Resources */ = {isa = PBXBuildFile; fileRef = 006DA748246C2A490043DD3F /* CartBarCell.xib */; };
		006E374024533C9000E31FC6 /* TabBar.swift in Sources */ = {isa = PBXBuildFile; fileRef = 006E373F24533C9000E31FC6 /* TabBar.swift */; };
		0073F4942454AE3200AD8095 /* StatusBar.swift in Sources */ = {isa = PBXBuildFile; fileRef = 0073F4932454AE3200AD8095 /* StatusBar.swift */; };
		0073F49824550F2A00AD8095 /* Marketler.swift in Sources */ = {isa = PBXBuildFile; fileRef = 0073F49724550F2A00AD8095 /* Marketler.swift */; };
		0073F4A1245519AB00AD8095 /* MarketlerCel.swift in Sources */ = {isa = PBXBuildFile; fileRef = 0073F49F245519AB00AD8095 /* MarketlerCel.swift */; };
		0073F4A2245519AB00AD8095 /* MarketlerCel.xib in Resources */ = {isa = PBXBuildFile; fileRef = 0073F4A0245519AB00AD8095 /* MarketlerCel.xib */; };
		0073F4A524551E4700AD8095 /* Urunler.swift in Sources */ = {isa = PBXBuildFile; fileRef = 0073F4A424551E4700AD8095 /* Urunler.swift */; };
		0073F4AD2455269E00AD8095 /* BegendigimMarketler.swift in Sources */ = {isa = PBXBuildFile; fileRef = 0073F4AC2455269E00AD8095 /* BegendigimMarketler.swift */; };
		0073F4B124552E2200AD8095 /* AramaPop.swift in Sources */ = {isa = PBXBuildFile; fileRef = 0073F4B024552E2200AD8095 /* AramaPop.swift */; };
		0073F4B324553EE700AD8095 /* SettingPop.swift in Sources */ = {isa = PBXBuildFile; fileRef = 0073F4B224553EE700AD8095 /* SettingPop.swift */; };
		0073F4B524555CC200AD8095 /* WelcomeSayfa.swift in Sources */ = {isa = PBXBuildFile; fileRef = 0073F4B424555CC200AD8095 /* WelcomeSayfa.swift */; };
		0073F4B724555CE300AD8095 /* GecisController.swift in Sources */ = {isa = PBXBuildFile; fileRef = 0073F4B624555CE300AD8095 /* GecisController.swift */; };
		0073F4B924556B4300AD8095 /* SelectCityPop.swift in Sources */ = {isa = PBXBuildFile; fileRef = 0073F4B824556B4300AD8095 /* SelectCityPop.swift */; };
		0073F4BC2455717100AD8095 /* SehirlerCel.swift in Sources */ = {isa = PBXBuildFile; fileRef = 0073F4BA2455717100AD8095 /* SehirlerCel.swift */; };
		0073F4BD2455717100AD8095 /* SehirlerCel.xib in Resources */ = {isa = PBXBuildFile; fileRef = 0073F4BB2455717100AD8095 /* SehirlerCel.xib */; };
		0073F4C024557C9F00AD8095 /* UrunSayfasi.swift in Sources */ = {isa = PBXBuildFile; fileRef = 0073F4BF24557C9F00AD8095 /* UrunSayfasi.swift */; };
		0073F4C22455886A00AD8095 /* MarketSayfasi.swift in Sources */ = {isa = PBXBuildFile; fileRef = 0073F4C12455886A00AD8095 /* MarketSayfasi.swift */; };
		007D55452468DF5800F5DA58 /* LikeAnimator.swift in Sources */ = {isa = PBXBuildFile; fileRef = 007D55442468DF5800F5DA58 /* LikeAnimator.swift */; };
		008DEE112451F9E9003ACEB2 /* AppDelegate.swift in Sources */ = {isa = PBXBuildFile; fileRef = 008DEE102451F9E9003ACEB2 /* AppDelegate.swift */; };
		008DEE132451F9E9003ACEB2 /* SceneDelegate.swift in Sources */ = {isa = PBXBuildFile; fileRef = 008DEE122451F9E9003ACEB2 /* SceneDelegate.swift */; };
		008DEE152451F9E9003ACEB2 /* SplashView.swift in Sources */ = {isa = PBXBuildFile; fileRef = 008DEE142451F9E9003ACEB2 /* SplashView.swift */; };
		008DEE182451F9E9003ACEB2 /* Main.storyboard in Resources */ = {isa = PBXBuildFile; fileRef = 008DEE162451F9E9003ACEB2 /* Main.storyboard */; };
		008DEE1B2451F9E9003ACEB2 /* Market_indirimleri.xcdatamodeld in Sources */ = {isa = PBXBuildFile; fileRef = 008DEE192451F9E9003ACEB2 /* Market_indirimleri.xcdatamodeld */; };
		008DEE1D2451F9EE003ACEB2 /* Assets.xcassets in Resources */ = {isa = PBXBuildFile; fileRef = 008DEE1C2451F9EE003ACEB2 /* Assets.xcassets */; };
		008DEE202451F9EE003ACEB2 /* LaunchScreen.storyboard in Resources */ = {isa = PBXBuildFile; fileRef = 008DEE1E2451F9EE003ACEB2 /* LaunchScreen.storyboard */; };
		008DEE292451FBD7003ACEB2 /* UIColor.swift in Sources */ = {isa = PBXBuildFile; fileRef = 008DEE282451FBD7003ACEB2 /* UIColor.swift */; };
		008DEE2B2452028C003ACEB2 /* Constraints.swift in Sources */ = {isa = PBXBuildFile; fileRef = 008DEE2A2452028C003ACEB2 /* Constraints.swift */; };
		008DEE2D24521DDA003ACEB2 /* Alert.swift in Sources */ = {isa = PBXBuildFile; fileRef = 008DEE2C24521DDA003ACEB2 /* Alert.swift */; };
		008DEE3324523B12003ACEB2 /* HomeBar.swift in Sources */ = {isa = PBXBuildFile; fileRef = 008DEE3224523B12003ACEB2 /* HomeBar.swift */; };
		008DEE3524523B23003ACEB2 /* SearchBar.swift in Sources */ = {isa = PBXBuildFile; fileRef = 008DEE3424523B23003ACEB2 /* SearchBar.swift */; };
		008DEE3724523BBB003ACEB2 /* CartBar.swift in Sources */ = {isa = PBXBuildFile; fileRef = 008DEE3624523BBB003ACEB2 /* CartBar.swift */; };
		008DEE3924523BD7003ACEB2 /* ProfilBar.swift in Sources */ = {isa = PBXBuildFile; fileRef = 008DEE3824523BD7003ACEB2 /* ProfilBar.swift */; };
		009AF816246B1F60009AAD07 /* HeaderVieww.swift in Sources */ = {isa = PBXBuildFile; fileRef = 009AF814246B1F60009AAD07 /* HeaderVieww.swift */; };
		009AF817246B1F60009AAD07 /* HeaderVieww.xib in Resources */ = {isa = PBXBuildFile; fileRef = 009AF815246B1F60009AAD07 /* HeaderVieww.xib */; };
		009B5DCD2463BA6000C2EE3D /* UrunlerTableViewCell.swift in Sources */ = {isa = PBXBuildFile; fileRef = 009B5DCB2463BA6000C2EE3D /* UrunlerTableViewCell.swift */; };
		009B5DCE2463BA6000C2EE3D /* UrunlerTableViewCell.xib in Resources */ = {isa = PBXBuildFile; fileRef = 009B5DCC2463BA6000C2EE3D /* UrunlerTableViewCell.xib */; };
		00A85A9024534F000046E484 /* UIScrollView.swift in Sources */ = {isa = PBXBuildFile; fileRef = 00A85A8F24534F000046E484 /* UIScrollView.swift */; };
		00A85A9D2453E2F00046E484 /* MarketCell.swift in Sources */ = {isa = PBXBuildFile; fileRef = 00A85A9B2453E2F00046E484 /* MarketCell.swift */; };
		00A85A9E2453E2F00046E484 /* MarketCell.xib in Resources */ = {isa = PBXBuildFile; fileRef = 00A85A9C2453E2F00046E484 /* MarketCell.xib */; };
		00CA3C5A2453EB6B00F76E49 /* FiyatCell.swift in Sources */ = {isa = PBXBuildFile; fileRef = 00CA3C582453EB6B00F76E49 /* FiyatCell.swift */; };
		00CA3C5B2453EB6B00F76E49 /* FiyatCell.xib in Resources */ = {isa = PBXBuildFile; fileRef = 00CA3C592453EB6B00F76E49 /* FiyatCell.xib */; };
		E7898922F749761648B299A5 /* Pods_Market_indirimleri.framework in Frameworks */ = {isa = PBXBuildFile; fileRef = 6C52F0BB40B6700FF74046F4 /* Pods_Market_indirimleri.framework */; };
/* End PBXBuildFile section */

/* Begin PBXContainerItemProxy section */
		00507CF7246A0D6B0081F7CF /* PBXContainerItemProxy */ = {
			isa = PBXContainerItemProxy;
			containerPortal = 00507CE5246A0D6B0081F7CF /* FlexibleHeightBar.xcodeproj */;
			proxyType = 2;
			remoteGlobalIDString = BAC765591E21B12600B1AF2C;
			remoteInfo = FlexibleHeightBar;
		};
		00507CF9246A0D6B0081F7CF /* PBXContainerItemProxy */ = {
			isa = PBXContainerItemProxy;
			containerPortal = 00507CE5246A0D6B0081F7CF /* FlexibleHeightBar.xcodeproj */;
			proxyType = 2;
			remoteGlobalIDString = BAC765621E21B12600B1AF2C;
			remoteInfo = FlexibleHeightBarTests;
		};
		00507CFE246A0D6B0081F7CF /* PBXContainerItemProxy */ = {
			isa = PBXContainerItemProxy;
			containerPortal = 00507CDB246A0D6B0081F7CF /* FlexibleHeightBarDemo.xcodeproj */;
			proxyType = 2;
			remoteGlobalIDString = BAC765B71E21B52D00B1AF2C;
			remoteInfo = FlexibleHeightBarDemo;
		};
		00507D00246A0D6B0081F7CF /* PBXContainerItemProxy */ = {
			isa = PBXContainerItemProxy;
			containerPortal = 00507CDB246A0D6B0081F7CF /* FlexibleHeightBarDemo.xcodeproj */;
			proxyType = 2;
			remoteGlobalIDString = BAC765CB1E21B52D00B1AF2C;
			remoteInfo = FlexibleHeightBarDemoTests;
		};
		00507D02246A0D6B0081F7CF /* PBXContainerItemProxy */ = {
			isa = PBXContainerItemProxy;
			containerPortal = 00507CDB246A0D6B0081F7CF /* FlexibleHeightBarDemo.xcodeproj */;
			proxyType = 2;
			remoteGlobalIDString = BAC765D61E21B52D00B1AF2C;
			remoteInfo = FlexibleHeightBarDemoUITests;
		};
		00507D38246A0D840081F7CF /* PBXContainerItemProxy */ = {
			isa = PBXContainerItemProxy;
			containerPortal = 00507D26246A0D840081F7CF /* FlexibleHeightBar.xcodeproj */;
			proxyType = 2;
			remoteGlobalIDString = BAC765591E21B12600B1AF2C;
			remoteInfo = FlexibleHeightBar;
		};
		00507D3A246A0D840081F7CF /* PBXContainerItemProxy */ = {
			isa = PBXContainerItemProxy;
			containerPortal = 00507D26246A0D840081F7CF /* FlexibleHeightBar.xcodeproj */;
			proxyType = 2;
			remoteGlobalIDString = BAC765621E21B12600B1AF2C;
			remoteInfo = FlexibleHeightBarTests;
		};
		00507D3F246A0D840081F7CF /* PBXContainerItemProxy */ = {
			isa = PBXContainerItemProxy;
			containerPortal = 00507D1C246A0D840081F7CF /* FlexibleHeightBarDemo.xcodeproj */;
			proxyType = 2;
			remoteGlobalIDString = BAC765B71E21B52D00B1AF2C;
			remoteInfo = FlexibleHeightBarDemo;
		};
		00507D41246A0D840081F7CF /* PBXContainerItemProxy */ = {
			isa = PBXContainerItemProxy;
			containerPortal = 00507D1C246A0D840081F7CF /* FlexibleHeightBarDemo.xcodeproj */;
			proxyType = 2;
			remoteGlobalIDString = BAC765CB1E21B52D00B1AF2C;
			remoteInfo = FlexibleHeightBarDemoTests;
		};
		00507D43246A0D840081F7CF /* PBXContainerItemProxy */ = {
			isa = PBXContainerItemProxy;
			containerPortal = 00507D1C246A0D840081F7CF /* FlexibleHeightBarDemo.xcodeproj */;
			proxyType = 2;
			remoteGlobalIDString = BAC765D61E21B52D00B1AF2C;
			remoteInfo = FlexibleHeightBarDemoUITests;
		};
		00507D57246A0D8A0081F7CF /* PBXContainerItemProxy */ = {
			isa = PBXContainerItemProxy;
			containerPortal = 00507D49246A0D8A0081F7CF /* FlexibleHeightBar.xcodeproj */;
			proxyType = 2;
			remoteGlobalIDString = BAC765591E21B12600B1AF2C;
			remoteInfo = FlexibleHeightBar;
		};
		00507D59246A0D8A0081F7CF /* PBXContainerItemProxy */ = {
			isa = PBXContainerItemProxy;
			containerPortal = 00507D49246A0D8A0081F7CF /* FlexibleHeightBar.xcodeproj */;
			proxyType = 2;
			remoteGlobalIDString = BAC765621E21B12600B1AF2C;
			remoteInfo = FlexibleHeightBarTests;
		};
		00507D78246A0D900081F7CF /* PBXContainerItemProxy */ = {
			isa = PBXContainerItemProxy;
			containerPortal = 00507D72246A0D900081F7CF /* FlexibleHeightBarDemo.xcodeproj */;
			proxyType = 2;
			remoteGlobalIDString = BAC765B71E21B52D00B1AF2C;
			remoteInfo = FlexibleHeightBarDemo;
		};
		00507D7A246A0D900081F7CF /* PBXContainerItemProxy */ = {
			isa = PBXContainerItemProxy;
			containerPortal = 00507D72246A0D900081F7CF /* FlexibleHeightBarDemo.xcodeproj */;
			proxyType = 2;
			remoteGlobalIDString = BAC765CB1E21B52D00B1AF2C;
			remoteInfo = FlexibleHeightBarDemoTests;
		};
		00507D7C246A0D900081F7CF /* PBXContainerItemProxy */ = {
			isa = PBXContainerItemProxy;
			containerPortal = 00507D72246A0D900081F7CF /* FlexibleHeightBarDemo.xcodeproj */;
			proxyType = 2;
			remoteGlobalIDString = BAC765D61E21B52D00B1AF2C;
			remoteInfo = FlexibleHeightBarDemoUITests;
		};
/* End PBXContainerItemProxy section */

/* Begin PBXFileReference section */
		00253BD4246A038C000A4F18 /* ViewController.swift */ = {isa = PBXFileReference; lastKnownFileType = sourcecode.swift; path = ViewController.swift; sourceTree = "<group>"; };
		00253BD5246A038C000A4F18 /* FlexibleHeightBar.framework */ = {isa = PBXFileReference; lastKnownFileType = wrapper.framework; path = FlexibleHeightBar.framework; sourceTree = "<group>"; };
		00253BD6246A038C000A4F18 /* CALayer+XibConfiguration.swift */ = {isa = PBXFileReference; lastKnownFileType = sourcecode.swift; path = "CALayer+XibConfiguration.swift"; sourceTree = "<group>"; };
		00253BD7246A038C000A4F18 /* Assets.xcassets */ = {isa = PBXFileReference; lastKnownFileType = folder.assetcatalog; path = Assets.xcassets; sourceTree = "<group>"; };
		00253BD8246A038C000A4F18 /* TableViewDataSourceHandler.swift */ = {isa = PBXFileReference; lastKnownFileType = sourcecode.swift; path = TableViewDataSourceHandler.swift; sourceTree = "<group>"; };
		00253BD9246A038C000A4F18 /* SquareCashStyleViewController.swift */ = {isa = PBXFileReference; lastKnownFileType = sourcecode.swift; path = SquareCashStyleViewController.swift; sourceTree = "<group>"; };
		00253BDB246A038C000A4F18 /* Base */ = {isa = PBXFileReference; lastKnownFileType = file.storyboard; name = Base; path = Base.lproj/LaunchScreen.storyboard; sourceTree = "<group>"; };
		00253BDD246A038C000A4F18 /* Base */ = {isa = PBXFileReference; lastKnownFileType = file.storyboard; name = Base; path = Base.lproj/Main.storyboard; sourceTree = "<group>"; };
		00253BDE246A038C000A4F18 /* FacebookStyleViewController.swift */ = {isa = PBXFileReference; lastKnownFileType = sourcecode.swift; path = FacebookStyleViewController.swift; sourceTree = "<group>"; };
		00253BDF246A038C000A4F18 /* AppDelegate.swift */ = {isa = PBXFileReference; lastKnownFileType = sourcecode.swift; path = AppDelegate.swift; sourceTree = "<group>"; };
		00253BE0246A038C000A4F18 /* SquareCashFlexibleHeightBar.swift */ = {isa = PBXFileReference; lastKnownFileType = sourcecode.swift; path = SquareCashFlexibleHeightBar.swift; sourceTree = "<group>"; };
		00253BE1246A038C000A4F18 /* Info.plist */ = {isa = PBXFileReference; lastKnownFileType = text.plist.xml; path = Info.plist; sourceTree = "<group>"; };
		00253BE2246A038C000A4F18 /* FacebookFlexibleHeightBar.swift */ = {isa = PBXFileReference; lastKnownFileType = sourcecode.swift; path = FacebookFlexibleHeightBar.swift; sourceTree = "<group>"; };
		00253BE3246A08FD000A4F18 /* Alamofire.framework */ = {isa = PBXFileReference; lastKnownFileType = wrapper.framework; name = Alamofire.framework; path = Carthage/Build/iOS/Alamofire.framework; sourceTree = "<group>"; };
		00507CC6246A0D6B0081F7CF /* ViewController.swift */ = {isa = PBXFileReference; lastKnownFileType = sourcecode.swift; path = ViewController.swift; sourceTree = "<group>"; };
		00507CC7246A0D6B0081F7CF /* FlexibleHeightBar.framework */ = {isa = PBXFileReference; lastKnownFileType = wrapper.framework; path = FlexibleHeightBar.framework; sourceTree = "<group>"; };
		00507CC8246A0D6B0081F7CF /* CALayer+XibConfiguration.swift */ = {isa = PBXFileReference; lastKnownFileType = sourcecode.swift; path = "CALayer+XibConfiguration.swift"; sourceTree = "<group>"; };
		00507CC9246A0D6B0081F7CF /* Assets.xcassets */ = {isa = PBXFileReference; lastKnownFileType = folder.assetcatalog; path = Assets.xcassets; sourceTree = "<group>"; };
		00507CCA246A0D6B0081F7CF /* TableViewDataSourceHandler.swift */ = {isa = PBXFileReference; lastKnownFileType = sourcecode.swift; path = TableViewDataSourceHandler.swift; sourceTree = "<group>"; };
		00507CCB246A0D6B0081F7CF /* SquareCashStyleViewController.swift */ = {isa = PBXFileReference; lastKnownFileType = sourcecode.swift; path = SquareCashStyleViewController.swift; sourceTree = "<group>"; };
		00507CCD246A0D6B0081F7CF /* Base */ = {isa = PBXFileReference; lastKnownFileType = file.storyboard; name = Base; path = Base.lproj/LaunchScreen.storyboard; sourceTree = "<group>"; };
		00507CCF246A0D6B0081F7CF /* Base */ = {isa = PBXFileReference; lastKnownFileType = file.storyboard; name = Base; path = Base.lproj/Main.storyboard; sourceTree = "<group>"; };
		00507CD0246A0D6B0081F7CF /* FacebookStyleViewController.swift */ = {isa = PBXFileReference; lastKnownFileType = sourcecode.swift; path = FacebookStyleViewController.swift; sourceTree = "<group>"; };
		00507CD1246A0D6B0081F7CF /* AppDelegate.swift */ = {isa = PBXFileReference; lastKnownFileType = sourcecode.swift; path = AppDelegate.swift; sourceTree = "<group>"; };
		00507CD2246A0D6B0081F7CF /* SquareCashFlexibleHeightBar.swift */ = {isa = PBXFileReference; lastKnownFileType = sourcecode.swift; path = SquareCashFlexibleHeightBar.swift; sourceTree = "<group>"; };
		00507CD3246A0D6B0081F7CF /* Info.plist */ = {isa = PBXFileReference; lastKnownFileType = text.plist.xml; path = Info.plist; sourceTree = "<group>"; };
		00507CD4246A0D6B0081F7CF /* FacebookFlexibleHeightBar.swift */ = {isa = PBXFileReference; lastKnownFileType = sourcecode.swift; path = FacebookFlexibleHeightBar.swift; sourceTree = "<group>"; };
		00507CD6246A0D6B0081F7CF /* FlexibleHeightBarDemoUITests.swift */ = {isa = PBXFileReference; lastKnownFileType = sourcecode.swift; path = FlexibleHeightBarDemoUITests.swift; sourceTree = "<group>"; };
		00507CD7246A0D6B0081F7CF /* Info.plist */ = {isa = PBXFileReference; lastKnownFileType = text.plist.xml; path = Info.plist; sourceTree = "<group>"; };
		00507CD9246A0D6B0081F7CF /* FlexibleHeightBarDemoTests.swift */ = {isa = PBXFileReference; lastKnownFileType = sourcecode.swift; path = FlexibleHeightBarDemoTests.swift; sourceTree = "<group>"; };
		00507CDA246A0D6B0081F7CF /* Info.plist */ = {isa = PBXFileReference; lastKnownFileType = text.plist.xml; path = Info.plist; sourceTree = "<group>"; };
		00507CDB246A0D6B0081F7CF /* FlexibleHeightBarDemo.xcodeproj */ = {isa = PBXFileReference; lastKnownFileType = "wrapper.pb-project"; path = FlexibleHeightBarDemo.xcodeproj; sourceTree = "<group>"; };
		00507CDE246A0D6B0081F7CF /* LICENSE */ = {isa = PBXFileReference; lastKnownFileType = text; path = LICENSE; sourceTree = "<group>"; };
		00507CDF246A0D6B0081F7CF /* README.md */ = {isa = PBXFileReference; lastKnownFileType = net.daringfireball.markdown; path = README.md; sourceTree = "<group>"; };
		00507CE0246A0D6B0081F7CF /* .gitignore */ = {isa = PBXFileReference; lastKnownFileType = text; path = .gitignore; sourceTree = "<group>"; };
		00507CE3246A0D6B0081F7CF /* FlexibleHeightBarTests.swift */ = {isa = PBXFileReference; lastKnownFileType = sourcecode.swift; path = FlexibleHeightBarTests.swift; sourceTree = "<group>"; };
		00507CE4246A0D6B0081F7CF /* Info.plist */ = {isa = PBXFileReference; lastKnownFileType = text.plist.xml; path = Info.plist; sourceTree = "<group>"; };
		00507CE5246A0D6B0081F7CF /* FlexibleHeightBar.xcodeproj */ = {isa = PBXFileReference; lastKnownFileType = "wrapper.pb-project"; path = FlexibleHeightBar.xcodeproj; sourceTree = "<group>"; };
		00507CE9246A0D6B0081F7CF /* FlexibleHeightBarSubviewLayoutAttributes.swift */ = {isa = PBXFileReference; lastKnownFileType = sourcecode.swift; path = FlexibleHeightBarSubviewLayoutAttributes.swift; sourceTree = "<group>"; };
		00507CEA246A0D6B0081F7CF /* FlexibleHeightBar.swift */ = {isa = PBXFileReference; lastKnownFileType = sourcecode.swift; path = FlexibleHeightBar.swift; sourceTree = "<group>"; };
		00507CEB246A0D6B0081F7CF /* FlexibleHeightBarBehaviorDefiner.swift */ = {isa = PBXFileReference; lastKnownFileType = sourcecode.swift; path = FlexibleHeightBarBehaviorDefiner.swift; sourceTree = "<group>"; };
		00507CEC246A0D6B0081F7CF /* FacebookBarBehaviorDefiner.swift */ = {isa = PBXFileReference; lastKnownFileType = sourcecode.swift; path = FacebookBarBehaviorDefiner.swift; sourceTree = "<group>"; };
		00507CED246A0D6B0081F7CF /* SquareCashBarBehaviorDefiner.swift */ = {isa = PBXFileReference; lastKnownFileType = sourcecode.swift; path = SquareCashBarBehaviorDefiner.swift; sourceTree = "<group>"; };
		00507CEE246A0D6B0081F7CF /* FlexibleHeightBar.h */ = {isa = PBXFileReference; lastKnownFileType = sourcecode.c.h; path = FlexibleHeightBar.h; sourceTree = "<group>"; };
		00507CEF246A0D6B0081F7CF /* Info.plist */ = {isa = PBXFileReference; lastKnownFileType = text.plist.xml; path = Info.plist; sourceTree = "<group>"; };
		00507CF0246A0D6B0081F7CF /* TableViewDelegateHandler.swift */ = {isa = PBXFileReference; lastKnownFileType = sourcecode.swift; path = TableViewDelegateHandler.swift; sourceTree = "<group>"; };
		00507CF2246A0D6B0081F7CF /* SquareCashFlexibleHeightBarDemo.gif */ = {isa = PBXFileReference; lastKnownFileType = image.gif; path = SquareCashFlexibleHeightBarDemo.gif; sourceTree = "<group>"; };
		00507CF3246A0D6B0081F7CF /* example.gif */ = {isa = PBXFileReference; lastKnownFileType = image.gif; path = example.gif; sourceTree = "<group>"; };
		00507CF4246A0D6B0081F7CF /* FacebookFlexibleHeightBarDemo.gif */ = {isa = PBXFileReference; lastKnownFileType = image.gif; path = FacebookFlexibleHeightBarDemo.gif; sourceTree = "<group>"; };
		00507D07246A0D840081F7CF /* ViewController.swift */ = {isa = PBXFileReference; lastKnownFileType = sourcecode.swift; path = ViewController.swift; sourceTree = "<group>"; };
		00507D08246A0D840081F7CF /* FlexibleHeightBar.framework */ = {isa = PBXFileReference; lastKnownFileType = wrapper.framework; path = FlexibleHeightBar.framework; sourceTree = "<group>"; };
		00507D09246A0D840081F7CF /* CALayer+XibConfiguration.swift */ = {isa = PBXFileReference; lastKnownFileType = sourcecode.swift; path = "CALayer+XibConfiguration.swift"; sourceTree = "<group>"; };
		00507D0A246A0D840081F7CF /* Assets.xcassets */ = {isa = PBXFileReference; lastKnownFileType = folder.assetcatalog; path = Assets.xcassets; sourceTree = "<group>"; };
		00507D0B246A0D840081F7CF /* TableViewDataSourceHandler.swift */ = {isa = PBXFileReference; lastKnownFileType = sourcecode.swift; path = TableViewDataSourceHandler.swift; sourceTree = "<group>"; };
		00507D0C246A0D840081F7CF /* SquareCashStyleViewController.swift */ = {isa = PBXFileReference; lastKnownFileType = sourcecode.swift; path = SquareCashStyleViewController.swift; sourceTree = "<group>"; };
		00507D0E246A0D840081F7CF /* Base */ = {isa = PBXFileReference; lastKnownFileType = file.storyboard; name = Base; path = Base.lproj/LaunchScreen.storyboard; sourceTree = "<group>"; };
		00507D10246A0D840081F7CF /* Base */ = {isa = PBXFileReference; lastKnownFileType = file.storyboard; name = Base; path = Base.lproj/Main.storyboard; sourceTree = "<group>"; };
		00507D11246A0D840081F7CF /* FacebookStyleViewController.swift */ = {isa = PBXFileReference; lastKnownFileType = sourcecode.swift; path = FacebookStyleViewController.swift; sourceTree = "<group>"; };
		00507D12246A0D840081F7CF /* AppDelegate.swift */ = {isa = PBXFileReference; lastKnownFileType = sourcecode.swift; path = AppDelegate.swift; sourceTree = "<group>"; };
		00507D13246A0D840081F7CF /* SquareCashFlexibleHeightBar.swift */ = {isa = PBXFileReference; lastKnownFileType = sourcecode.swift; path = SquareCashFlexibleHeightBar.swift; sourceTree = "<group>"; };
		00507D14246A0D840081F7CF /* Info.plist */ = {isa = PBXFileReference; lastKnownFileType = text.plist.xml; path = Info.plist; sourceTree = "<group>"; };
		00507D15246A0D840081F7CF /* FacebookFlexibleHeightBar.swift */ = {isa = PBXFileReference; lastKnownFileType = sourcecode.swift; path = FacebookFlexibleHeightBar.swift; sourceTree = "<group>"; };
		00507D17246A0D840081F7CF /* FlexibleHeightBarDemoUITests.swift */ = {isa = PBXFileReference; lastKnownFileType = sourcecode.swift; path = FlexibleHeightBarDemoUITests.swift; sourceTree = "<group>"; };
		00507D18246A0D840081F7CF /* Info.plist */ = {isa = PBXFileReference; lastKnownFileType = text.plist.xml; path = Info.plist; sourceTree = "<group>"; };
		00507D1A246A0D840081F7CF /* FlexibleHeightBarDemoTests.swift */ = {isa = PBXFileReference; lastKnownFileType = sourcecode.swift; path = FlexibleHeightBarDemoTests.swift; sourceTree = "<group>"; };
		00507D1B246A0D840081F7CF /* Info.plist */ = {isa = PBXFileReference; lastKnownFileType = text.plist.xml; path = Info.plist; sourceTree = "<group>"; };
		00507D1C246A0D840081F7CF /* FlexibleHeightBarDemo.xcodeproj */ = {isa = PBXFileReference; lastKnownFileType = "wrapper.pb-project"; path = FlexibleHeightBarDemo.xcodeproj; sourceTree = "<group>"; };
		00507D1F246A0D840081F7CF /* LICENSE */ = {isa = PBXFileReference; lastKnownFileType = text; path = LICENSE; sourceTree = "<group>"; };
		00507D20246A0D840081F7CF /* README.md */ = {isa = PBXFileReference; lastKnownFileType = net.daringfireball.markdown; path = README.md; sourceTree = "<group>"; };
		00507D21246A0D840081F7CF /* .gitignore */ = {isa = PBXFileReference; lastKnownFileType = text; path = .gitignore; sourceTree = "<group>"; };
		00507D24246A0D840081F7CF /* FlexibleHeightBarTests.swift */ = {isa = PBXFileReference; lastKnownFileType = sourcecode.swift; path = FlexibleHeightBarTests.swift; sourceTree = "<group>"; };
		00507D25246A0D840081F7CF /* Info.plist */ = {isa = PBXFileReference; lastKnownFileType = text.plist.xml; path = Info.plist; sourceTree = "<group>"; };
		00507D26246A0D840081F7CF /* FlexibleHeightBar.xcodeproj */ = {isa = PBXFileReference; lastKnownFileType = "wrapper.pb-project"; path = FlexibleHeightBar.xcodeproj; sourceTree = "<group>"; };
		00507D2A246A0D840081F7CF /* FlexibleHeightBarSubviewLayoutAttributes.swift */ = {isa = PBXFileReference; lastKnownFileType = sourcecode.swift; path = FlexibleHeightBarSubviewLayoutAttributes.swift; sourceTree = "<group>"; };
		00507D2B246A0D840081F7CF /* FlexibleHeightBar.swift */ = {isa = PBXFileReference; lastKnownFileType = sourcecode.swift; path = FlexibleHeightBar.swift; sourceTree = "<group>"; };
		00507D2C246A0D840081F7CF /* FlexibleHeightBarBehaviorDefiner.swift */ = {isa = PBXFileReference; lastKnownFileType = sourcecode.swift; path = FlexibleHeightBarBehaviorDefiner.swift; sourceTree = "<group>"; };
		00507D2D246A0D840081F7CF /* FacebookBarBehaviorDefiner.swift */ = {isa = PBXFileReference; lastKnownFileType = sourcecode.swift; path = FacebookBarBehaviorDefiner.swift; sourceTree = "<group>"; };
		00507D2E246A0D840081F7CF /* SquareCashBarBehaviorDefiner.swift */ = {isa = PBXFileReference; lastKnownFileType = sourcecode.swift; path = SquareCashBarBehaviorDefiner.swift; sourceTree = "<group>"; };
		00507D2F246A0D840081F7CF /* FlexibleHeightBar.h */ = {isa = PBXFileReference; lastKnownFileType = sourcecode.c.h; path = FlexibleHeightBar.h; sourceTree = "<group>"; };
		00507D30246A0D840081F7CF /* Info.plist */ = {isa = PBXFileReference; lastKnownFileType = text.plist.xml; path = Info.plist; sourceTree = "<group>"; };
		00507D31246A0D840081F7CF /* TableViewDelegateHandler.swift */ = {isa = PBXFileReference; lastKnownFileType = sourcecode.swift; path = TableViewDelegateHandler.swift; sourceTree = "<group>"; };
		00507D33246A0D840081F7CF /* SquareCashFlexibleHeightBarDemo.gif */ = {isa = PBXFileReference; lastKnownFileType = image.gif; path = SquareCashFlexibleHeightBarDemo.gif; sourceTree = "<group>"; };
		00507D34246A0D840081F7CF /* example.gif */ = {isa = PBXFileReference; lastKnownFileType = image.gif; path = example.gif; sourceTree = "<group>"; };
		00507D35246A0D840081F7CF /* FacebookFlexibleHeightBarDemo.gif */ = {isa = PBXFileReference; lastKnownFileType = image.gif; path = FacebookFlexibleHeightBarDemo.gif; sourceTree = "<group>"; };
		00507D47246A0D8A0081F7CF /* FlexibleHeightBarTests.swift */ = {isa = PBXFileReference; lastKnownFileType = sourcecode.swift; path = FlexibleHeightBarTests.swift; sourceTree = "<group>"; };
		00507D48246A0D8A0081F7CF /* Info.plist */ = {isa = PBXFileReference; lastKnownFileType = text.plist.xml; path = Info.plist; sourceTree = "<group>"; };
		00507D49246A0D8A0081F7CF /* FlexibleHeightBar.xcodeproj */ = {isa = PBXFileReference; lastKnownFileType = "wrapper.pb-project"; path = FlexibleHeightBar.xcodeproj; sourceTree = "<group>"; };
		00507D4D246A0D8A0081F7CF /* FlexibleHeightBarSubviewLayoutAttributes.swift */ = {isa = PBXFileReference; lastKnownFileType = sourcecode.swift; path = FlexibleHeightBarSubviewLayoutAttributes.swift; sourceTree = "<group>"; };
		00507D4E246A0D8A0081F7CF /* FlexibleHeightBar.swift */ = {isa = PBXFileReference; lastKnownFileType = sourcecode.swift; path = FlexibleHeightBar.swift; sourceTree = "<group>"; };
		00507D4F246A0D8A0081F7CF /* FlexibleHeightBarBehaviorDefiner.swift */ = {isa = PBXFileReference; lastKnownFileType = sourcecode.swift; path = FlexibleHeightBarBehaviorDefiner.swift; sourceTree = "<group>"; };
		00507D50246A0D8A0081F7CF /* FacebookBarBehaviorDefiner.swift */ = {isa = PBXFileReference; lastKnownFileType = sourcecode.swift; path = FacebookBarBehaviorDefiner.swift; sourceTree = "<group>"; };
		00507D51246A0D8A0081F7CF /* SquareCashBarBehaviorDefiner.swift */ = {isa = PBXFileReference; lastKnownFileType = sourcecode.swift; path = SquareCashBarBehaviorDefiner.swift; sourceTree = "<group>"; };
		00507D52246A0D8A0081F7CF /* FlexibleHeightBar.h */ = {isa = PBXFileReference; lastKnownFileType = sourcecode.c.h; path = FlexibleHeightBar.h; sourceTree = "<group>"; };
		00507D53246A0D8A0081F7CF /* Info.plist */ = {isa = PBXFileReference; lastKnownFileType = text.plist.xml; path = Info.plist; sourceTree = "<group>"; };
		00507D54246A0D8A0081F7CF /* TableViewDelegateHandler.swift */ = {isa = PBXFileReference; lastKnownFileType = sourcecode.swift; path = TableViewDelegateHandler.swift; sourceTree = "<group>"; };
		00507D5D246A0D900081F7CF /* ViewController.swift */ = {isa = PBXFileReference; lastKnownFileType = sourcecode.swift; path = ViewController.swift; sourceTree = "<group>"; };
		00507D5E246A0D900081F7CF /* FlexibleHeightBar.framework */ = {isa = PBXFileReference; lastKnownFileType = wrapper.framework; path = FlexibleHeightBar.framework; sourceTree = "<group>"; };
		00507D5F246A0D900081F7CF /* CALayer+XibConfiguration.swift */ = {isa = PBXFileReference; lastKnownFileType = sourcecode.swift; path = "CALayer+XibConfiguration.swift"; sourceTree = "<group>"; };
		00507D60246A0D900081F7CF /* Assets.xcassets */ = {isa = PBXFileReference; lastKnownFileType = folder.assetcatalog; path = Assets.xcassets; sourceTree = "<group>"; };
		00507D61246A0D900081F7CF /* TableViewDataSourceHandler.swift */ = {isa = PBXFileReference; lastKnownFileType = sourcecode.swift; path = TableViewDataSourceHandler.swift; sourceTree = "<group>"; };
		00507D62246A0D900081F7CF /* SquareCashStyleViewController.swift */ = {isa = PBXFileReference; lastKnownFileType = sourcecode.swift; path = SquareCashStyleViewController.swift; sourceTree = "<group>"; };
		00507D64246A0D900081F7CF /* Base */ = {isa = PBXFileReference; lastKnownFileType = file.storyboard; name = Base; path = Base.lproj/LaunchScreen.storyboard; sourceTree = "<group>"; };
		00507D66246A0D900081F7CF /* Base */ = {isa = PBXFileReference; lastKnownFileType = file.storyboard; name = Base; path = Base.lproj/Main.storyboard; sourceTree = "<group>"; };
		00507D67246A0D900081F7CF /* FacebookStyleViewController.swift */ = {isa = PBXFileReference; lastKnownFileType = sourcecode.swift; path = FacebookStyleViewController.swift; sourceTree = "<group>"; };
		00507D68246A0D900081F7CF /* AppDelegate.swift */ = {isa = PBXFileReference; lastKnownFileType = sourcecode.swift; path = AppDelegate.swift; sourceTree = "<group>"; };
		00507D69246A0D900081F7CF /* SquareCashFlexibleHeightBar.swift */ = {isa = PBXFileReference; lastKnownFileType = sourcecode.swift; path = SquareCashFlexibleHeightBar.swift; sourceTree = "<group>"; };
		00507D6A246A0D900081F7CF /* Info.plist */ = {isa = PBXFileReference; lastKnownFileType = text.plist.xml; path = Info.plist; sourceTree = "<group>"; };
		00507D6B246A0D900081F7CF /* FacebookFlexibleHeightBar.swift */ = {isa = PBXFileReference; lastKnownFileType = sourcecode.swift; path = FacebookFlexibleHeightBar.swift; sourceTree = "<group>"; };
		00507D6D246A0D900081F7CF /* FlexibleHeightBarDemoUITests.swift */ = {isa = PBXFileReference; lastKnownFileType = sourcecode.swift; path = FlexibleHeightBarDemoUITests.swift; sourceTree = "<group>"; };
		00507D6E246A0D900081F7CF /* Info.plist */ = {isa = PBXFileReference; lastKnownFileType = text.plist.xml; path = Info.plist; sourceTree = "<group>"; };
		00507D70246A0D900081F7CF /* FlexibleHeightBarDemoTests.swift */ = {isa = PBXFileReference; lastKnownFileType = sourcecode.swift; path = FlexibleHeightBarDemoTests.swift; sourceTree = "<group>"; };
		00507D71246A0D900081F7CF /* Info.plist */ = {isa = PBXFileReference; lastKnownFileType = text.plist.xml; path = Info.plist; sourceTree = "<group>"; };
		00507D72246A0D900081F7CF /* FlexibleHeightBarDemo.xcodeproj */ = {isa = PBXFileReference; lastKnownFileType = "wrapper.pb-project"; path = FlexibleHeightBarDemo.xcodeproj; sourceTree = "<group>"; };
		006D39F7245F78EC00BE4736 /* Json.swift */ = {isa = PBXFileReference; lastKnownFileType = sourcecode.swift; path = Json.swift; sourceTree = "<group>"; };
		006D39FB24603C7400BE4736 /* AltUrunSayfasi.swift */ = {isa = PBXFileReference; lastKnownFileType = sourcecode.swift; path = AltUrunSayfasi.swift; sourceTree = "<group>"; };
		006DA747246C2A490043DD3F /* CartBarCell.swift */ = {isa = PBXFileReference; lastKnownFileType = sourcecode.swift; path = CartBarCell.swift; sourceTree = "<group>"; };
		006DA748246C2A490043DD3F /* CartBarCell.xib */ = {isa = PBXFileReference; lastKnownFileType = file.xib; path = CartBarCell.xib; sourceTree = "<group>"; };
		006E373F24533C9000E31FC6 /* TabBar.swift */ = {isa = PBXFileReference; lastKnownFileType = sourcecode.swift; path = TabBar.swift; sourceTree = "<group>"; };
		0073F4932454AE3200AD8095 /* StatusBar.swift */ = {isa = PBXFileReference; lastKnownFileType = sourcecode.swift; path = StatusBar.swift; sourceTree = "<group>"; };
		0073F49724550F2A00AD8095 /* Marketler.swift */ = {isa = PBXFileReference; lastKnownFileType = sourcecode.swift; path = Marketler.swift; sourceTree = "<group>"; };
		0073F49F245519AB00AD8095 /* MarketlerCel.swift */ = {isa = PBXFileReference; lastKnownFileType = sourcecode.swift; path = MarketlerCel.swift; sourceTree = "<group>"; };
		0073F4A0245519AB00AD8095 /* MarketlerCel.xib */ = {isa = PBXFileReference; lastKnownFileType = file.xib; path = MarketlerCel.xib; sourceTree = "<group>"; };
		0073F4A424551E4700AD8095 /* Urunler.swift */ = {isa = PBXFileReference; lastKnownFileType = sourcecode.swift; path = Urunler.swift; sourceTree = "<group>"; };
		0073F4AC2455269E00AD8095 /* BegendigimMarketler.swift */ = {isa = PBXFileReference; lastKnownFileType = sourcecode.swift; path = BegendigimMarketler.swift; sourceTree = "<group>"; };
		0073F4B024552E2200AD8095 /* AramaPop.swift */ = {isa = PBXFileReference; lastKnownFileType = sourcecode.swift; path = AramaPop.swift; sourceTree = "<group>"; };
		0073F4B224553EE700AD8095 /* SettingPop.swift */ = {isa = PBXFileReference; lastKnownFileType = sourcecode.swift; path = SettingPop.swift; sourceTree = "<group>"; };
		0073F4B424555CC200AD8095 /* WelcomeSayfa.swift */ = {isa = PBXFileReference; lastKnownFileType = sourcecode.swift; path = WelcomeSayfa.swift; sourceTree = "<group>"; };
		0073F4B624555CE300AD8095 /* GecisController.swift */ = {isa = PBXFileReference; lastKnownFileType = sourcecode.swift; path = GecisController.swift; sourceTree = "<group>"; };
		0073F4B824556B4300AD8095 /* SelectCityPop.swift */ = {isa = PBXFileReference; lastKnownFileType = sourcecode.swift; path = SelectCityPop.swift; sourceTree = "<group>"; };
		0073F4BA2455717100AD8095 /* SehirlerCel.swift */ = {isa = PBXFileReference; lastKnownFileType = sourcecode.swift; path = SehirlerCel.swift; sourceTree = "<group>"; };
		0073F4BB2455717100AD8095 /* SehirlerCel.xib */ = {isa = PBXFileReference; lastKnownFileType = file.xib; path = SehirlerCel.xib; sourceTree = "<group>"; };
		0073F4BF24557C9F00AD8095 /* UrunSayfasi.swift */ = {isa = PBXFileReference; lastKnownFileType = sourcecode.swift; path = UrunSayfasi.swift; sourceTree = "<group>"; };
		0073F4C12455886A00AD8095 /* MarketSayfasi.swift */ = {isa = PBXFileReference; lastKnownFileType = sourcecode.swift; path = MarketSayfasi.swift; sourceTree = "<group>"; };
		007D55442468DF5800F5DA58 /* LikeAnimator.swift */ = {isa = PBXFileReference; lastKnownFileType = sourcecode.swift; path = LikeAnimator.swift; sourceTree = "<group>"; };
		008DEE0D2451F9E9003ACEB2 /* Market indirimleri.app */ = {isa = PBXFileReference; explicitFileType = wrapper.application; includeInIndex = 0; path = "Market indirimleri.app"; sourceTree = BUILT_PRODUCTS_DIR; };
		008DEE102451F9E9003ACEB2 /* AppDelegate.swift */ = {isa = PBXFileReference; lastKnownFileType = sourcecode.swift; path = AppDelegate.swift; sourceTree = "<group>"; };
		008DEE122451F9E9003ACEB2 /* SceneDelegate.swift */ = {isa = PBXFileReference; lastKnownFileType = sourcecode.swift; path = SceneDelegate.swift; sourceTree = "<group>"; };
		008DEE142451F9E9003ACEB2 /* SplashView.swift */ = {isa = PBXFileReference; lastKnownFileType = sourcecode.swift; path = SplashView.swift; sourceTree = "<group>"; };
		008DEE172451F9E9003ACEB2 /* Base */ = {isa = PBXFileReference; lastKnownFileType = file.storyboard; name = Base; path = Base.lproj/Main.storyboard; sourceTree = "<group>"; };
		008DEE1A2451F9E9003ACEB2 /* Market_indirimleri.xcdatamodel */ = {isa = PBXFileReference; lastKnownFileType = wrapper.xcdatamodel; path = Market_indirimleri.xcdatamodel; sourceTree = "<group>"; };
		008DEE1C2451F9EE003ACEB2 /* Assets.xcassets */ = {isa = PBXFileReference; lastKnownFileType = folder.assetcatalog; path = Assets.xcassets; sourceTree = "<group>"; };
		008DEE1F2451F9EE003ACEB2 /* Base */ = {isa = PBXFileReference; lastKnownFileType = file.storyboard; name = Base; path = Base.lproj/LaunchScreen.storyboard; sourceTree = "<group>"; };
		008DEE212451F9EE003ACEB2 /* Info.plist */ = {isa = PBXFileReference; lastKnownFileType = text.plist.xml; path = Info.plist; sourceTree = "<group>"; };
		008DEE282451FBD7003ACEB2 /* UIColor.swift */ = {isa = PBXFileReference; lastKnownFileType = sourcecode.swift; path = UIColor.swift; sourceTree = "<group>"; };
		008DEE2A2452028C003ACEB2 /* Constraints.swift */ = {isa = PBXFileReference; lastKnownFileType = sourcecode.swift; path = Constraints.swift; sourceTree = "<group>"; };
		008DEE2C24521DDA003ACEB2 /* Alert.swift */ = {isa = PBXFileReference; lastKnownFileType = sourcecode.swift; path = Alert.swift; sourceTree = "<group>"; };
		008DEE3224523B12003ACEB2 /* HomeBar.swift */ = {isa = PBXFileReference; lastKnownFileType = sourcecode.swift; path = HomeBar.swift; sourceTree = "<group>"; };
		008DEE3424523B23003ACEB2 /* SearchBar.swift */ = {isa = PBXFileReference; lastKnownFileType = sourcecode.swift; path = SearchBar.swift; sourceTree = "<group>"; };
		008DEE3624523BBB003ACEB2 /* CartBar.swift */ = {isa = PBXFileReference; lastKnownFileType = sourcecode.swift; path = CartBar.swift; sourceTree = "<group>"; };
		008DEE3824523BD7003ACEB2 /* ProfilBar.swift */ = {isa = PBXFileReference; lastKnownFileType = sourcecode.swift; path = ProfilBar.swift; sourceTree = "<group>"; };
		009AF814246B1F60009AAD07 /* HeaderVieww.swift */ = {isa = PBXFileReference; lastKnownFileType = sourcecode.swift; path = HeaderVieww.swift; sourceTree = "<group>"; };
		009AF815246B1F60009AAD07 /* HeaderVieww.xib */ = {isa = PBXFileReference; lastKnownFileType = file.xib; path = HeaderVieww.xib; sourceTree = "<group>"; };
		009B5DCB2463BA6000C2EE3D /* UrunlerTableViewCell.swift */ = {isa = PBXFileReference; lastKnownFileType = sourcecode.swift; path = UrunlerTableViewCell.swift; sourceTree = "<group>"; };
		009B5DCC2463BA6000C2EE3D /* UrunlerTableViewCell.xib */ = {isa = PBXFileReference; lastKnownFileType = file.xib; path = UrunlerTableViewCell.xib; sourceTree = "<group>"; };
		00A85A8F24534F000046E484 /* UIScrollView.swift */ = {isa = PBXFileReference; lastKnownFileType = sourcecode.swift; path = UIScrollView.swift; sourceTree = "<group>"; };
		00A85A9B2453E2F00046E484 /* MarketCell.swift */ = {isa = PBXFileReference; lastKnownFileType = sourcecode.swift; path = MarketCell.swift; sourceTree = "<group>"; };
		00A85A9C2453E2F00046E484 /* MarketCell.xib */ = {isa = PBXFileReference; lastKnownFileType = file.xib; path = MarketCell.xib; sourceTree = "<group>"; };
		00CA3C582453EB6B00F76E49 /* FiyatCell.swift */ = {isa = PBXFileReference; lastKnownFileType = sourcecode.swift; path = FiyatCell.swift; sourceTree = "<group>"; };
		00CA3C592453EB6B00F76E49 /* FiyatCell.xib */ = {isa = PBXFileReference; lastKnownFileType = file.xib; path = FiyatCell.xib; sourceTree = "<group>"; };
		5BBC28772B70BEC10C5511CE /* Pods-Market indirimleri.debug.xcconfig */ = {isa = PBXFileReference; includeInIndex = 1; lastKnownFileType = text.xcconfig; name = "Pods-Market indirimleri.debug.xcconfig"; path = "Target Support Files/Pods-Market indirimleri/Pods-Market indirimleri.debug.xcconfig"; sourceTree = "<group>"; };
		6C52F0BB40B6700FF74046F4 /* Pods_Market_indirimleri.framework */ = {isa = PBXFileReference; explicitFileType = wrapper.framework; includeInIndex = 0; path = Pods_Market_indirimleri.framework; sourceTree = BUILT_PRODUCTS_DIR; };
		B63256A7421F652E9FD8419B /* Pods-Market indirimleri.release.xcconfig */ = {isa = PBXFileReference; includeInIndex = 1; lastKnownFileType = text.xcconfig; name = "Pods-Market indirimleri.release.xcconfig"; path = "Target Support Files/Pods-Market indirimleri/Pods-Market indirimleri.release.xcconfig"; sourceTree = "<group>"; };
/* End PBXFileReference section */

/* Begin PBXFrameworksBuildPhase section */
		008DEE0A2451F9E9003ACEB2 /* Frameworks */ = {
			isa = PBXFrameworksBuildPhase;
			buildActionMask = 2147483647;
			files = (
				E7898922F749761648B299A5 /* Pods_Market_indirimleri.framework in Frameworks */,
			);
			runOnlyForDeploymentPostprocessing = 0;
		};
/* End PBXFrameworksBuildPhase section */

/* Begin PBXGroup section */
		00253BD3246A038C000A4F18 /* FlexibleHeightBarDemo */ = {
			isa = PBXGroup;
			children = (
				00253BD4246A038C000A4F18 /* ViewController.swift */,
				00253BD5246A038C000A4F18 /* FlexibleHeightBar.framework */,
				00253BD6246A038C000A4F18 /* CALayer+XibConfiguration.swift */,
				00253BD7246A038C000A4F18 /* Assets.xcassets */,
				00253BD8246A038C000A4F18 /* TableViewDataSourceHandler.swift */,
				00253BD9246A038C000A4F18 /* SquareCashStyleViewController.swift */,
				00253BDA246A038C000A4F18 /* LaunchScreen.storyboard */,
				00253BDC246A038C000A4F18 /* Main.storyboard */,
				00253BDE246A038C000A4F18 /* FacebookStyleViewController.swift */,
				00253BDF246A038C000A4F18 /* AppDelegate.swift */,
				00253BE0246A038C000A4F18 /* SquareCashFlexibleHeightBar.swift */,
				00253BE1246A038C000A4F18 /* Info.plist */,
				00253BE2246A038C000A4F18 /* FacebookFlexibleHeightBar.swift */,
			);
			name = FlexibleHeightBarDemo;
			path = "Carthage/Checkouts/Swift-FlexibleHeightBar/FlexibleHeightBarDemo/FlexibleHeightBarDemo";
			sourceTree = "<group>";
		};
		00507CC3246A0D6B0081F7CF /* Swift-FlexibleHeightBar */ = {
			isa = PBXGroup;
			children = (
				00507CC4246A0D6B0081F7CF /* FlexibleHeightBarDemo */,
				00507CDE246A0D6B0081F7CF /* LICENSE */,
				00507CDF246A0D6B0081F7CF /* README.md */,
				00507CE0246A0D6B0081F7CF /* .gitignore */,
				00507CE1246A0D6B0081F7CF /* FlexibleHeightBar */,
				00507CF1246A0D6B0081F7CF /* media */,
			);
			name = "Swift-FlexibleHeightBar";
			path = "Carthage/Checkouts/Swift-FlexibleHeightBar";
			sourceTree = "<group>";
		};
		00507CC4246A0D6B0081F7CF /* FlexibleHeightBarDemo */ = {
			isa = PBXGroup;
			children = (
				00507CC5246A0D6B0081F7CF /* FlexibleHeightBarDemo */,
				00507CD5246A0D6B0081F7CF /* FlexibleHeightBarDemoUITests */,
				00507CD8246A0D6B0081F7CF /* FlexibleHeightBarDemoTests */,
				00507CDB246A0D6B0081F7CF /* FlexibleHeightBarDemo.xcodeproj */,
			);
			path = FlexibleHeightBarDemo;
			sourceTree = "<group>";
		};
		00507CC5246A0D6B0081F7CF /* FlexibleHeightBarDemo */ = {
			isa = PBXGroup;
			children = (
				00507CC6246A0D6B0081F7CF /* ViewController.swift */,
				00507CC7246A0D6B0081F7CF /* FlexibleHeightBar.framework */,
				00507CC8246A0D6B0081F7CF /* CALayer+XibConfiguration.swift */,
				00507CC9246A0D6B0081F7CF /* Assets.xcassets */,
				00507CCA246A0D6B0081F7CF /* TableViewDataSourceHandler.swift */,
				00507CCB246A0D6B0081F7CF /* SquareCashStyleViewController.swift */,
				00507CCC246A0D6B0081F7CF /* LaunchScreen.storyboard */,
				00507CCE246A0D6B0081F7CF /* Main.storyboard */,
				00507CD0246A0D6B0081F7CF /* FacebookStyleViewController.swift */,
				00507CD1246A0D6B0081F7CF /* AppDelegate.swift */,
				00507CD2246A0D6B0081F7CF /* SquareCashFlexibleHeightBar.swift */,
				00507CD3246A0D6B0081F7CF /* Info.plist */,
				00507CD4246A0D6B0081F7CF /* FacebookFlexibleHeightBar.swift */,
			);
			path = FlexibleHeightBarDemo;
			sourceTree = "<group>";
		};
		00507CD5246A0D6B0081F7CF /* FlexibleHeightBarDemoUITests */ = {
			isa = PBXGroup;
			children = (
				00507CD6246A0D6B0081F7CF /* FlexibleHeightBarDemoUITests.swift */,
				00507CD7246A0D6B0081F7CF /* Info.plist */,
			);
			path = FlexibleHeightBarDemoUITests;
			sourceTree = "<group>";
		};
		00507CD8246A0D6B0081F7CF /* FlexibleHeightBarDemoTests */ = {
			isa = PBXGroup;
			children = (
				00507CD9246A0D6B0081F7CF /* FlexibleHeightBarDemoTests.swift */,
				00507CDA246A0D6B0081F7CF /* Info.plist */,
			);
			path = FlexibleHeightBarDemoTests;
			sourceTree = "<group>";
		};
		00507CDC246A0D6B0081F7CF /* Products */ = {
			isa = PBXGroup;
			children = (
				00507CFF246A0D6B0081F7CF /* FlexibleHeightBarDemo.app */,
				00507D01246A0D6B0081F7CF /* FlexibleHeightBarDemoTests.xctest */,
				00507D03246A0D6B0081F7CF /* FlexibleHeightBarDemoUITests.xctest */,
			);
			name = Products;
			sourceTree = "<group>";
		};
		00507CE1246A0D6B0081F7CF /* FlexibleHeightBar */ = {
			isa = PBXGroup;
			children = (
				00507CE2246A0D6B0081F7CF /* FlexibleHeightBarTests */,
				00507CE5246A0D6B0081F7CF /* FlexibleHeightBar.xcodeproj */,
				00507CE8246A0D6B0081F7CF /* FlexibleHeightBar */,
			);
			path = FlexibleHeightBar;
			sourceTree = "<group>";
		};
		00507CE2246A0D6B0081F7CF /* FlexibleHeightBarTests */ = {
			isa = PBXGroup;
			children = (
				00507CE3246A0D6B0081F7CF /* FlexibleHeightBarTests.swift */,
				00507CE4246A0D6B0081F7CF /* Info.plist */,
			);
			path = FlexibleHeightBarTests;
			sourceTree = "<group>";
		};
		00507CE6246A0D6B0081F7CF /* Products */ = {
			isa = PBXGroup;
			children = (
				00507CF8246A0D6B0081F7CF /* FlexibleHeightBar.framework */,
				00507CFA246A0D6B0081F7CF /* FlexibleHeightBarTests.xctest */,
			);
			name = Products;
			sourceTree = "<group>";
		};
		00507CE8246A0D6B0081F7CF /* FlexibleHeightBar */ = {
			isa = PBXGroup;
			children = (
				00507CE9246A0D6B0081F7CF /* FlexibleHeightBarSubviewLayoutAttributes.swift */,
				00507CEA246A0D6B0081F7CF /* FlexibleHeightBar.swift */,
				00507CEB246A0D6B0081F7CF /* FlexibleHeightBarBehaviorDefiner.swift */,
				00507CEC246A0D6B0081F7CF /* FacebookBarBehaviorDefiner.swift */,
				00507CED246A0D6B0081F7CF /* SquareCashBarBehaviorDefiner.swift */,
				00507CEE246A0D6B0081F7CF /* FlexibleHeightBar.h */,
				00507CEF246A0D6B0081F7CF /* Info.plist */,
				00507CF0246A0D6B0081F7CF /* TableViewDelegateHandler.swift */,
			);
			path = FlexibleHeightBar;
			sourceTree = "<group>";
		};
		00507CF1246A0D6B0081F7CF /* media */ = {
			isa = PBXGroup;
			children = (
				00507CF2246A0D6B0081F7CF /* SquareCashFlexibleHeightBarDemo.gif */,
				00507CF3246A0D6B0081F7CF /* example.gif */,
				00507CF4246A0D6B0081F7CF /* FacebookFlexibleHeightBarDemo.gif */,
			);
			path = media;
			sourceTree = "<group>";
		};
		00507D04246A0D840081F7CF /* Swift-FlexibleHeightBar */ = {
			isa = PBXGroup;
			children = (
				00507D05246A0D840081F7CF /* FlexibleHeightBarDemo */,
				00507D1F246A0D840081F7CF /* LICENSE */,
				00507D20246A0D840081F7CF /* README.md */,
				00507D21246A0D840081F7CF /* .gitignore */,
				00507D22246A0D840081F7CF /* FlexibleHeightBar */,
				00507D32246A0D840081F7CF /* media */,
			);
			name = "Swift-FlexibleHeightBar";
			path = "Carthage/Checkouts/Swift-FlexibleHeightBar";
			sourceTree = "<group>";
		};
		00507D05246A0D840081F7CF /* FlexibleHeightBarDemo */ = {
			isa = PBXGroup;
			children = (
				00507D06246A0D840081F7CF /* FlexibleHeightBarDemo */,
				00507D16246A0D840081F7CF /* FlexibleHeightBarDemoUITests */,
				00507D19246A0D840081F7CF /* FlexibleHeightBarDemoTests */,
				00507D1C246A0D840081F7CF /* FlexibleHeightBarDemo.xcodeproj */,
			);
			path = FlexibleHeightBarDemo;
			sourceTree = "<group>";
		};
		00507D06246A0D840081F7CF /* FlexibleHeightBarDemo */ = {
			isa = PBXGroup;
			children = (
				00507D07246A0D840081F7CF /* ViewController.swift */,
				00507D08246A0D840081F7CF /* FlexibleHeightBar.framework */,
				00507D09246A0D840081F7CF /* CALayer+XibConfiguration.swift */,
				00507D0A246A0D840081F7CF /* Assets.xcassets */,
				00507D0B246A0D840081F7CF /* TableViewDataSourceHandler.swift */,
				00507D0C246A0D840081F7CF /* SquareCashStyleViewController.swift */,
				00507D0D246A0D840081F7CF /* LaunchScreen.storyboard */,
				00507D0F246A0D840081F7CF /* Main.storyboard */,
				00507D11246A0D840081F7CF /* FacebookStyleViewController.swift */,
				00507D12246A0D840081F7CF /* AppDelegate.swift */,
				00507D13246A0D840081F7CF /* SquareCashFlexibleHeightBar.swift */,
				00507D14246A0D840081F7CF /* Info.plist */,
				00507D15246A0D840081F7CF /* FacebookFlexibleHeightBar.swift */,
			);
			path = FlexibleHeightBarDemo;
			sourceTree = "<group>";
		};
		00507D16246A0D840081F7CF /* FlexibleHeightBarDemoUITests */ = {
			isa = PBXGroup;
			children = (
				00507D17246A0D840081F7CF /* FlexibleHeightBarDemoUITests.swift */,
				00507D18246A0D840081F7CF /* Info.plist */,
			);
			path = FlexibleHeightBarDemoUITests;
			sourceTree = "<group>";
		};
		00507D19246A0D840081F7CF /* FlexibleHeightBarDemoTests */ = {
			isa = PBXGroup;
			children = (
				00507D1A246A0D840081F7CF /* FlexibleHeightBarDemoTests.swift */,
				00507D1B246A0D840081F7CF /* Info.plist */,
			);
			path = FlexibleHeightBarDemoTests;
			sourceTree = "<group>";
		};
		00507D1D246A0D840081F7CF /* Products */ = {
			isa = PBXGroup;
			children = (
				00507D40246A0D840081F7CF /* FlexibleHeightBarDemo.app */,
				00507D42246A0D840081F7CF /* FlexibleHeightBarDemoTests.xctest */,
				00507D44246A0D840081F7CF /* FlexibleHeightBarDemoUITests.xctest */,
			);
			name = Products;
			sourceTree = "<group>";
		};
		00507D22246A0D840081F7CF /* FlexibleHeightBar */ = {
			isa = PBXGroup;
			children = (
				00507D23246A0D840081F7CF /* FlexibleHeightBarTests */,
				00507D26246A0D840081F7CF /* FlexibleHeightBar.xcodeproj */,
				00507D29246A0D840081F7CF /* FlexibleHeightBar */,
			);
			path = FlexibleHeightBar;
			sourceTree = "<group>";
		};
		00507D23246A0D840081F7CF /* FlexibleHeightBarTests */ = {
			isa = PBXGroup;
			children = (
				00507D24246A0D840081F7CF /* FlexibleHeightBarTests.swift */,
				00507D25246A0D840081F7CF /* Info.plist */,
			);
			path = FlexibleHeightBarTests;
			sourceTree = "<group>";
		};
		00507D27246A0D840081F7CF /* Products */ = {
			isa = PBXGroup;
			children = (
				00507D39246A0D840081F7CF /* FlexibleHeightBar.framework */,
				00507D3B246A0D840081F7CF /* FlexibleHeightBarTests.xctest */,
			);
			name = Products;
			sourceTree = "<group>";
		};
		00507D29246A0D840081F7CF /* FlexibleHeightBar */ = {
			isa = PBXGroup;
			children = (
				00507D2A246A0D840081F7CF /* FlexibleHeightBarSubviewLayoutAttributes.swift */,
				00507D2B246A0D840081F7CF /* FlexibleHeightBar.swift */,
				00507D2C246A0D840081F7CF /* FlexibleHeightBarBehaviorDefiner.swift */,
				00507D2D246A0D840081F7CF /* FacebookBarBehaviorDefiner.swift */,
				00507D2E246A0D840081F7CF /* SquareCashBarBehaviorDefiner.swift */,
				00507D2F246A0D840081F7CF /* FlexibleHeightBar.h */,
				00507D30246A0D840081F7CF /* Info.plist */,
				00507D31246A0D840081F7CF /* TableViewDelegateHandler.swift */,
			);
			path = FlexibleHeightBar;
			sourceTree = "<group>";
		};
		00507D32246A0D840081F7CF /* media */ = {
			isa = PBXGroup;
			children = (
				00507D33246A0D840081F7CF /* SquareCashFlexibleHeightBarDemo.gif */,
				00507D34246A0D840081F7CF /* example.gif */,
				00507D35246A0D840081F7CF /* FacebookFlexibleHeightBarDemo.gif */,
			);
			path = media;
			sourceTree = "<group>";
		};
		00507D45246A0D8A0081F7CF /* FlexibleHeightBar */ = {
			isa = PBXGroup;
			children = (
				00507D46246A0D8A0081F7CF /* FlexibleHeightBarTests */,
				00507D49246A0D8A0081F7CF /* FlexibleHeightBar.xcodeproj */,
				00507D4C246A0D8A0081F7CF /* FlexibleHeightBar */,
			);
			name = FlexibleHeightBar;
			path = "Carthage/Checkouts/Swift-FlexibleHeightBar/FlexibleHeightBar";
			sourceTree = "<group>";
		};
		00507D46246A0D8A0081F7CF /* FlexibleHeightBarTests */ = {
			isa = PBXGroup;
			children = (
				00507D47246A0D8A0081F7CF /* FlexibleHeightBarTests.swift */,
				00507D48246A0D8A0081F7CF /* Info.plist */,
			);
			path = FlexibleHeightBarTests;
			sourceTree = "<group>";
		};
		00507D4A246A0D8A0081F7CF /* Products */ = {
			isa = PBXGroup;
			children = (
				00507D58246A0D8A0081F7CF /* FlexibleHeightBar.framework */,
				00507D5A246A0D8A0081F7CF /* FlexibleHeightBarTests.xctest */,
			);
			name = Products;
			sourceTree = "<group>";
		};
		00507D4C246A0D8A0081F7CF /* FlexibleHeightBar */ = {
			isa = PBXGroup;
			children = (
				00507D4D246A0D8A0081F7CF /* FlexibleHeightBarSubviewLayoutAttributes.swift */,
				00507D4E246A0D8A0081F7CF /* FlexibleHeightBar.swift */,
				00507D4F246A0D8A0081F7CF /* FlexibleHeightBarBehaviorDefiner.swift */,
				00507D50246A0D8A0081F7CF /* FacebookBarBehaviorDefiner.swift */,
				00507D51246A0D8A0081F7CF /* SquareCashBarBehaviorDefiner.swift */,
				00507D52246A0D8A0081F7CF /* FlexibleHeightBar.h */,
				00507D53246A0D8A0081F7CF /* Info.plist */,
				00507D54246A0D8A0081F7CF /* TableViewDelegateHandler.swift */,
			);
			path = FlexibleHeightBar;
			sourceTree = "<group>";
		};
		00507D5B246A0D900081F7CF /* FlexibleHeightBarDemo */ = {
			isa = PBXGroup;
			children = (
				00507D5C246A0D900081F7CF /* FlexibleHeightBarDemo */,
				00507D6C246A0D900081F7CF /* FlexibleHeightBarDemoUITests */,
				00507D6F246A0D900081F7CF /* FlexibleHeightBarDemoTests */,
				00507D72246A0D900081F7CF /* FlexibleHeightBarDemo.xcodeproj */,
			);
			name = FlexibleHeightBarDemo;
			path = "Carthage/Checkouts/Swift-FlexibleHeightBar/FlexibleHeightBarDemo";
			sourceTree = "<group>";
		};
		00507D5C246A0D900081F7CF /* FlexibleHeightBarDemo */ = {
			isa = PBXGroup;
			children = (
				00507D5D246A0D900081F7CF /* ViewController.swift */,
				00507D5E246A0D900081F7CF /* FlexibleHeightBar.framework */,
				00507D5F246A0D900081F7CF /* CALayer+XibConfiguration.swift */,
				00507D60246A0D900081F7CF /* Assets.xcassets */,
				00507D61246A0D900081F7CF /* TableViewDataSourceHandler.swift */,
				00507D62246A0D900081F7CF /* SquareCashStyleViewController.swift */,
				00507D63246A0D900081F7CF /* LaunchScreen.storyboard */,
				00507D65246A0D900081F7CF /* Main.storyboard */,
				00507D67246A0D900081F7CF /* FacebookStyleViewController.swift */,
				00507D68246A0D900081F7CF /* AppDelegate.swift */,
				00507D69246A0D900081F7CF /* SquareCashFlexibleHeightBar.swift */,
				00507D6A246A0D900081F7CF /* Info.plist */,
				00507D6B246A0D900081F7CF /* FacebookFlexibleHeightBar.swift */,
			);
			path = FlexibleHeightBarDemo;
			sourceTree = "<group>";
		};
		00507D6C246A0D900081F7CF /* FlexibleHeightBarDemoUITests */ = {
			isa = PBXGroup;
			children = (
				00507D6D246A0D900081F7CF /* FlexibleHeightBarDemoUITests.swift */,
				00507D6E246A0D900081F7CF /* Info.plist */,
			);
			path = FlexibleHeightBarDemoUITests;
			sourceTree = "<group>";
		};
		00507D6F246A0D900081F7CF /* FlexibleHeightBarDemoTests */ = {
			isa = PBXGroup;
			children = (
				00507D70246A0D900081F7CF /* FlexibleHeightBarDemoTests.swift */,
				00507D71246A0D900081F7CF /* Info.plist */,
			);
			path = FlexibleHeightBarDemoTests;
			sourceTree = "<group>";
		};
		00507D73246A0D900081F7CF /* Products */ = {
			isa = PBXGroup;
			children = (
				00507D79246A0D900081F7CF /* FlexibleHeightBarDemo.app */,
				00507D7B246A0D900081F7CF /* FlexibleHeightBarDemoTests.xctest */,
				00507D7D246A0D900081F7CF /* FlexibleHeightBarDemoUITests.xctest */,
			);
			name = Products;
			sourceTree = "<group>";
		};
		0073F4A324551D8300AD8095 /* ProfilBar */ = {
			isa = PBXGroup;
			children = (
				008DEE3824523BD7003ACEB2 /* ProfilBar.swift */,
				0073F49724550F2A00AD8095 /* Marketler.swift */,
				0073F49F245519AB00AD8095 /* MarketlerCel.swift */,
				0073F4A0245519AB00AD8095 /* MarketlerCel.xib */,
				0073F4A424551E4700AD8095 /* Urunler.swift */,
				0073F4AC2455269E00AD8095 /* BegendigimMarketler.swift */,
			);
			path = ProfilBar;
			sourceTree = "<group>";
		};
		0073F4AE245527CB00AD8095 /* SearchBar */ = {
			isa = PBXGroup;
			children = (
				008DEE3424523B23003ACEB2 /* SearchBar.swift */,
				0073F4B024552E2200AD8095 /* AramaPop.swift */,
				0073F4B224553EE700AD8095 /* SettingPop.swift */,
				009B5DCB2463BA6000C2EE3D /* UrunlerTableViewCell.swift */,
				009B5DCC2463BA6000C2EE3D /* UrunlerTableViewCell.xib */,
			);
			path = SearchBar;
			sourceTree = "<group>";
		};
		0073F4AF245527DC00AD8095 /* CartBar */ = {
			isa = PBXGroup;
			children = (
				008DEE3624523BBB003ACEB2 /* CartBar.swift */,
				006DA747246C2A490043DD3F /* CartBarCell.swift */,
				006DA748246C2A490043DD3F /* CartBarCell.xib */,
			);
			path = CartBar;
			sourceTree = "<group>";
		};
		0073F4BE24557C4500AD8095 /* UrunSayfasi */ = {
			isa = PBXGroup;
			children = (
				0073F4BF24557C9F00AD8095 /* UrunSayfasi.swift */,
				006D39FB24603C7400BE4736 /* AltUrunSayfasi.swift */,
				009AF814246B1F60009AAD07 /* HeaderVieww.swift */,
				0073F4C12455886A00AD8095 /* MarketSayfasi.swift */,
				009AF815246B1F60009AAD07 /* HeaderVieww.xib */,
			);
			path = UrunSayfasi;
			sourceTree = "<group>";
		};
		007D55432468DF3A00F5DA58 /* LikeAnimator */ = {
			isa = PBXGroup;
			children = (
				007D55442468DF5800F5DA58 /* LikeAnimator.swift */,
			);
			path = LikeAnimator;
			sourceTree = "<group>";
		};
		008DEE042451F9E8003ACEB2 = {
			isa = PBXGroup;
			children = (
				008DEE0F2451F9E9003ACEB2 /* Market indirimleri */,
				008DEE0E2451F9E9003ACEB2 /* Products */,
				D8FFEED22E82506EA0E6A61D /* Pods */,
				27306DFEF739D783EB8FA00F /* Frameworks */,
			);
			sourceTree = "<group>";
		};
		008DEE0E2451F9E9003ACEB2 /* Products */ = {
			isa = PBXGroup;
			children = (
				008DEE0D2451F9E9003ACEB2 /* Market indirimleri.app */,
			);
			name = Products;
			sourceTree = "<group>";
		};
		008DEE0F2451F9E9003ACEB2 /* Market indirimleri */ = {
			isa = PBXGroup;
			children = (
				008DEE102451F9E9003ACEB2 /* AppDelegate.swift */,
				008DEE122451F9E9003ACEB2 /* SceneDelegate.swift */,
				008DEE162451F9E9003ACEB2 /* Main.storyboard */,
				008DEE1E2451F9EE003ACEB2 /* LaunchScreen.storyboard */,
				008DEE1C2451F9EE003ACEB2 /* Assets.xcassets */,
				008DEE212451F9EE003ACEB2 /* Info.plist */,
				008DEE192451F9E9003ACEB2 /* Market_indirimleri.xcdatamodeld */,
				006D39F7245F78EC00BE4736 /* Json.swift */,
				008DEE2F24523A4E003ACEB2 /* SplashView */,
				008DEE2E24523A32003ACEB2 /* TabBar */,
				0073F4BE24557C4500AD8095 /* UrunSayfasi */,
				007D55432468DF3A00F5DA58 /* LikeAnimator */,
				008DEE272451FBAE003ACEB2 /* Extension */,
			);
			path = "Market indirimleri";
			sourceTree = "<group>";
		};
		008DEE272451FBAE003ACEB2 /* Extension */ = {
			isa = PBXGroup;
			children = (
				008DEE282451FBD7003ACEB2 /* UIColor.swift */,
				008DEE2A2452028C003ACEB2 /* Constraints.swift */,
				008DEE2C24521DDA003ACEB2 /* Alert.swift */,
				00A85A8F24534F000046E484 /* UIScrollView.swift */,
				0073F4932454AE3200AD8095 /* StatusBar.swift */,
			);
			path = Extension;
			sourceTree = "<group>";
		};
		008DEE2E24523A32003ACEB2 /* TabBar */ = {
			isa = PBXGroup;
			children = (
				006E373F24533C9000E31FC6 /* TabBar.swift */,
				00A85A9A2453E2C60046E484 /* HomeBar */,
				0073F4AE245527CB00AD8095 /* SearchBar */,
				0073F4AF245527DC00AD8095 /* CartBar */,
				0073F4A324551D8300AD8095 /* ProfilBar */,
			);
			path = TabBar;
			sourceTree = "<group>";
		};
		008DEE2F24523A4E003ACEB2 /* SplashView */ = {
			isa = PBXGroup;
			children = (
				008DEE142451F9E9003ACEB2 /* SplashView.swift */,
				0073F4B424555CC200AD8095 /* WelcomeSayfa.swift */,
				0073F4B624555CE300AD8095 /* GecisController.swift */,
				0073F4B824556B4300AD8095 /* SelectCityPop.swift */,
				0073F4BA2455717100AD8095 /* SehirlerCel.swift */,
				0073F4BB2455717100AD8095 /* SehirlerCel.xib */,
			);
			path = SplashView;
			sourceTree = "<group>";
		};
		00A85A9A2453E2C60046E484 /* HomeBar */ = {
			isa = PBXGroup;
			children = (
				008DEE3224523B12003ACEB2 /* HomeBar.swift */,
				00A85A9B2453E2F00046E484 /* MarketCell.swift */,
				00A85A9C2453E2F00046E484 /* MarketCell.xib */,
				00CA3C582453EB6B00F76E49 /* FiyatCell.swift */,
				00CA3C592453EB6B00F76E49 /* FiyatCell.xib */,
			);
			path = HomeBar;
			sourceTree = "<group>";
		};
		27306DFEF739D783EB8FA00F /* Frameworks */ = {
			isa = PBXGroup;
			children = (
				00507D5B246A0D900081F7CF /* FlexibleHeightBarDemo */,
				00507D45246A0D8A0081F7CF /* FlexibleHeightBar */,
				00507CC3246A0D6B0081F7CF /* Swift-FlexibleHeightBar */,
				00507D04246A0D840081F7CF /* Swift-FlexibleHeightBar */,
				00253BE3246A08FD000A4F18 /* Alamofire.framework */,
				00253BD3246A038C000A4F18 /* FlexibleHeightBarDemo */,
				6C52F0BB40B6700FF74046F4 /* Pods_Market_indirimleri.framework */,
			);
			name = Frameworks;
			sourceTree = "<group>";
		};
		D8FFEED22E82506EA0E6A61D /* Pods */ = {
			isa = PBXGroup;
			children = (
				5BBC28772B70BEC10C5511CE /* Pods-Market indirimleri.debug.xcconfig */,
				B63256A7421F652E9FD8419B /* Pods-Market indirimleri.release.xcconfig */,
			);
			path = Pods;
			sourceTree = "<group>";
		};
/* End PBXGroup section */

/* Begin PBXNativeTarget section */
		008DEE0C2451F9E9003ACEB2 /* Market indirimleri */ = {
			isa = PBXNativeTarget;
			buildConfigurationList = 008DEE242451F9EE003ACEB2 /* Build configuration list for PBXNativeTarget "Market indirimleri" */;
			buildPhases = (
				ACE934A5B53CD1276E4F644A /* [CP] Check Pods Manifest.lock */,
				008DEE092451F9E9003ACEB2 /* Sources */,
				008DEE0A2451F9E9003ACEB2 /* Frameworks */,
				008DEE0B2451F9E9003ACEB2 /* Resources */,
				90A0D54AA9EDA4AE1F271D5D /* [CP] Embed Pods Frameworks */,
			);
			buildRules = (
			);
			dependencies = (
			);
			name = "Market indirimleri";
			productName = "Market indirimleri";
			productReference = 008DEE0D2451F9E9003ACEB2 /* Market indirimleri.app */;
			productType = "com.apple.product-type.application";
		};
/* End PBXNativeTarget section */

/* Begin PBXProject section */
		008DEE052451F9E8003ACEB2 /* Project object */ = {
			isa = PBXProject;
			attributes = {
				LastSwiftUpdateCheck = 1140;
				LastUpgradeCheck = 1140;
				ORGANIZATIONNAME = "İlyas Abiyev";
				TargetAttributes = {
					008DEE0C2451F9E9003ACEB2 = {
						CreatedOnToolsVersion = 11.4;
					};
				};
			};
			buildConfigurationList = 008DEE082451F9E8003ACEB2 /* Build configuration list for PBXProject "Market indirimleri" */;
			compatibilityVersion = "Xcode 11.4";
			developmentRegion = en;
			hasScannedForEncodings = 0;
			knownRegions = (
				en,
				Base,
			);
			mainGroup = 008DEE042451F9E8003ACEB2;
			productRefGroup = 008DEE0E2451F9E9003ACEB2 /* Products */;
			projectDirPath = "";
			projectReferences = (
				{
					ProductGroup = 00507D27246A0D840081F7CF /* Products */;
					ProjectRef = 00507D26246A0D840081F7CF /* FlexibleHeightBar.xcodeproj */;
				},
				{
					ProductGroup = 00507D4A246A0D8A0081F7CF /* Products */;
					ProjectRef = 00507D49246A0D8A0081F7CF /* FlexibleHeightBar.xcodeproj */;
				},
				{
					ProductGroup = 00507CE6246A0D6B0081F7CF /* Products */;
					ProjectRef = 00507CE5246A0D6B0081F7CF /* FlexibleHeightBar.xcodeproj */;
				},
				{
					ProductGroup = 00507D73246A0D900081F7CF /* Products */;
					ProjectRef = 00507D72246A0D900081F7CF /* FlexibleHeightBarDemo.xcodeproj */;
				},
				{
					ProductGroup = 00507CDC246A0D6B0081F7CF /* Products */;
					ProjectRef = 00507CDB246A0D6B0081F7CF /* FlexibleHeightBarDemo.xcodeproj */;
				},
				{
					ProductGroup = 00507D1D246A0D840081F7CF /* Products */;
					ProjectRef = 00507D1C246A0D840081F7CF /* FlexibleHeightBarDemo.xcodeproj */;
				},
			);
			projectRoot = "";
			targets = (
				008DEE0C2451F9E9003ACEB2 /* Market indirimleri */,
			);
		};
/* End PBXProject section */

/* Begin PBXReferenceProxy section */
		00507CF8246A0D6B0081F7CF /* FlexibleHeightBar.framework */ = {
			isa = PBXReferenceProxy;
			fileType = wrapper.framework;
			path = FlexibleHeightBar.framework;
			remoteRef = 00507CF7246A0D6B0081F7CF /* PBXContainerItemProxy */;
			sourceTree = BUILT_PRODUCTS_DIR;
		};
		00507CFA246A0D6B0081F7CF /* FlexibleHeightBarTests.xctest */ = {
			isa = PBXReferenceProxy;
			fileType = wrapper.cfbundle;
			path = FlexibleHeightBarTests.xctest;
			remoteRef = 00507CF9246A0D6B0081F7CF /* PBXContainerItemProxy */;
			sourceTree = BUILT_PRODUCTS_DIR;
		};
		00507CFF246A0D6B0081F7CF /* FlexibleHeightBarDemo.app */ = {
			isa = PBXReferenceProxy;
			fileType = wrapper.application;
			path = FlexibleHeightBarDemo.app;
			remoteRef = 00507CFE246A0D6B0081F7CF /* PBXContainerItemProxy */;
			sourceTree = BUILT_PRODUCTS_DIR;
		};
		00507D01246A0D6B0081F7CF /* FlexibleHeightBarDemoTests.xctest */ = {
			isa = PBXReferenceProxy;
			fileType = wrapper.cfbundle;
			path = FlexibleHeightBarDemoTests.xctest;
			remoteRef = 00507D00246A0D6B0081F7CF /* PBXContainerItemProxy */;
			sourceTree = BUILT_PRODUCTS_DIR;
		};
		00507D03246A0D6B0081F7CF /* FlexibleHeightBarDemoUITests.xctest */ = {
			isa = PBXReferenceProxy;
			fileType = wrapper.cfbundle;
			path = FlexibleHeightBarDemoUITests.xctest;
			remoteRef = 00507D02246A0D6B0081F7CF /* PBXContainerItemProxy */;
			sourceTree = BUILT_PRODUCTS_DIR;
		};
		00507D39246A0D840081F7CF /* FlexibleHeightBar.framework */ = {
			isa = PBXReferenceProxy;
			fileType = wrapper.framework;
			path = FlexibleHeightBar.framework;
			remoteRef = 00507D38246A0D840081F7CF /* PBXContainerItemProxy */;
			sourceTree = BUILT_PRODUCTS_DIR;
		};
		00507D3B246A0D840081F7CF /* FlexibleHeightBarTests.xctest */ = {
			isa = PBXReferenceProxy;
			fileType = wrapper.cfbundle;
			path = FlexibleHeightBarTests.xctest;
			remoteRef = 00507D3A246A0D840081F7CF /* PBXContainerItemProxy */;
			sourceTree = BUILT_PRODUCTS_DIR;
		};
		00507D40246A0D840081F7CF /* FlexibleHeightBarDemo.app */ = {
			isa = PBXReferenceProxy;
			fileType = wrapper.application;
			path = FlexibleHeightBarDemo.app;
			remoteRef = 00507D3F246A0D840081F7CF /* PBXContainerItemProxy */;
			sourceTree = BUILT_PRODUCTS_DIR;
		};
		00507D42246A0D840081F7CF /* FlexibleHeightBarDemoTests.xctest */ = {
			isa = PBXReferenceProxy;
			fileType = wrapper.cfbundle;
			path = FlexibleHeightBarDemoTests.xctest;
			remoteRef = 00507D41246A0D840081F7CF /* PBXContainerItemProxy */;
			sourceTree = BUILT_PRODUCTS_DIR;
		};
		00507D44246A0D840081F7CF /* FlexibleHeightBarDemoUITests.xctest */ = {
			isa = PBXReferenceProxy;
			fileType = wrapper.cfbundle;
			path = FlexibleHeightBarDemoUITests.xctest;
			remoteRef = 00507D43246A0D840081F7CF /* PBXContainerItemProxy */;
			sourceTree = BUILT_PRODUCTS_DIR;
		};
		00507D58246A0D8A0081F7CF /* FlexibleHeightBar.framework */ = {
			isa = PBXReferenceProxy;
			fileType = wrapper.framework;
			path = FlexibleHeightBar.framework;
			remoteRef = 00507D57246A0D8A0081F7CF /* PBXContainerItemProxy */;
			sourceTree = BUILT_PRODUCTS_DIR;
		};
		00507D5A246A0D8A0081F7CF /* FlexibleHeightBarTests.xctest */ = {
			isa = PBXReferenceProxy;
			fileType = wrapper.cfbundle;
			path = FlexibleHeightBarTests.xctest;
			remoteRef = 00507D59246A0D8A0081F7CF /* PBXContainerItemProxy */;
			sourceTree = BUILT_PRODUCTS_DIR;
		};
		00507D79246A0D900081F7CF /* FlexibleHeightBarDemo.app */ = {
			isa = PBXReferenceProxy;
			fileType = wrapper.application;
			path = FlexibleHeightBarDemo.app;
			remoteRef = 00507D78246A0D900081F7CF /* PBXContainerItemProxy */;
			sourceTree = BUILT_PRODUCTS_DIR;
		};
		00507D7B246A0D900081F7CF /* FlexibleHeightBarDemoTests.xctest */ = {
			isa = PBXReferenceProxy;
			fileType = wrapper.cfbundle;
			path = FlexibleHeightBarDemoTests.xctest;
			remoteRef = 00507D7A246A0D900081F7CF /* PBXContainerItemProxy */;
			sourceTree = BUILT_PRODUCTS_DIR;
		};
		00507D7D246A0D900081F7CF /* FlexibleHeightBarDemoUITests.xctest */ = {
			isa = PBXReferenceProxy;
			fileType = wrapper.cfbundle;
			path = FlexibleHeightBarDemoUITests.xctest;
			remoteRef = 00507D7C246A0D900081F7CF /* PBXContainerItemProxy */;
			sourceTree = BUILT_PRODUCTS_DIR;
		};
/* End PBXReferenceProxy section */

/* Begin PBXResourcesBuildPhase section */
		008DEE0B2451F9E9003ACEB2 /* Resources */ = {
			isa = PBXResourcesBuildPhase;
			buildActionMask = 2147483647;
			files = (
				008DEE202451F9EE003ACEB2 /* LaunchScreen.storyboard in Resources */,
				009AF817246B1F60009AAD07 /* HeaderVieww.xib in Resources */,
				009B5DCE2463BA6000C2EE3D /* UrunlerTableViewCell.xib in Resources */,
				006DA74A246C2A490043DD3F /* CartBarCell.xib in Resources */,
				008DEE1D2451F9EE003ACEB2 /* Assets.xcassets in Resources */,
				008DEE182451F9E9003ACEB2 /* Main.storyboard in Resources */,
				0073F4BD2455717100AD8095 /* SehirlerCel.xib in Resources */,
				00A85A9E2453E2F00046E484 /* MarketCell.xib in Resources */,
				00CA3C5B2453EB6B00F76E49 /* FiyatCell.xib in Resources */,
				0073F4A2245519AB00AD8095 /* MarketlerCel.xib in Resources */,
			);
			runOnlyForDeploymentPostprocessing = 0;
		};
/* End PBXResourcesBuildPhase section */

/* Begin PBXShellScriptBuildPhase section */
		90A0D54AA9EDA4AE1F271D5D /* [CP] Embed Pods Frameworks */ = {
			isa = PBXShellScriptBuildPhase;
			buildActionMask = 2147483647;
			files = (
			);
			inputFileListPaths = (
				"${PODS_ROOT}/Target Support Files/Pods-Market indirimleri/Pods-Market indirimleri-frameworks-${CONFIGURATION}-input-files.xcfilelist",
			);
			name = "[CP] Embed Pods Frameworks";
			outputFileListPaths = (
				"${PODS_ROOT}/Target Support Files/Pods-Market indirimleri/Pods-Market indirimleri-frameworks-${CONFIGURATION}-output-files.xcfilelist",
			);
			runOnlyForDeploymentPostprocessing = 0;
			shellPath = /bin/sh;
			shellScript = "\"${PODS_ROOT}/Target Support Files/Pods-Market indirimleri/Pods-Market indirimleri-frameworks.sh\"\n";
			showEnvVarsInLog = 0;
		};
		ACE934A5B53CD1276E4F644A /* [CP] Check Pods Manifest.lock */ = {
			isa = PBXShellScriptBuildPhase;
			buildActionMask = 2147483647;
			files = (
			);
			inputFileListPaths = (
			);
			inputPaths = (
				"${PODS_PODFILE_DIR_PATH}/Podfile.lock",
				"${PODS_ROOT}/Manifest.lock",
			);
			name = "[CP] Check Pods Manifest.lock";
			outputFileListPaths = (
			);
			outputPaths = (
				"$(DERIVED_FILE_DIR)/Pods-Market indirimleri-checkManifestLockResult.txt",
			);
			runOnlyForDeploymentPostprocessing = 0;
			shellPath = /bin/sh;
			shellScript = "diff \"${PODS_PODFILE_DIR_PATH}/Podfile.lock\" \"${PODS_ROOT}/Manifest.lock\" > /dev/null\nif [ $? != 0 ] ; then\n    # print error to STDERR\n    echo \"error: The sandbox is not in sync with the Podfile.lock. Run 'pod install' or update your CocoaPods installation.\" >&2\n    exit 1\nfi\n# This output is used by Xcode 'outputs' to avoid re-running this script phase.\necho \"SUCCESS\" > \"${SCRIPT_OUTPUT_FILE_0}\"\n";
			showEnvVarsInLog = 0;
		};
/* End PBXShellScriptBuildPhase section */

/* Begin PBXSourcesBuildPhase section */
		008DEE092451F9E9003ACEB2 /* Sources */ = {
			isa = PBXSourcesBuildPhase;
			buildActionMask = 2147483647;
			files = (
				0073F4B324553EE700AD8095 /* SettingPop.swift in Sources */,
				0073F4B124552E2200AD8095 /* AramaPop.swift in Sources */,
				008DEE152451F9E9003ACEB2 /* SplashView.swift in Sources */,
				0073F4B924556B4300AD8095 /* SelectCityPop.swift in Sources */,
				00A85A9D2453E2F00046E484 /* MarketCell.swift in Sources */,
				008DEE112451F9E9003ACEB2 /* AppDelegate.swift in Sources */,
				0073F4C22455886A00AD8095 /* MarketSayfasi.swift in Sources */,
				009B5DCD2463BA6000C2EE3D /* UrunlerTableViewCell.swift in Sources */,
				0073F4942454AE3200AD8095 /* StatusBar.swift in Sources */,
				008DEE1B2451F9E9003ACEB2 /* Market_indirimleri.xcdatamodeld in Sources */,
				009AF816246B1F60009AAD07 /* HeaderVieww.swift in Sources */,
				0073F49824550F2A00AD8095 /* Marketler.swift in Sources */,
				0073F4C024557C9F00AD8095 /* UrunSayfasi.swift in Sources */,
				006E374024533C9000E31FC6 /* TabBar.swift in Sources */,
				007D55452468DF5800F5DA58 /* LikeAnimator.swift in Sources */,
				008DEE132451F9E9003ACEB2 /* SceneDelegate.swift in Sources */,
				008DEE3324523B12003ACEB2 /* HomeBar.swift in Sources */,
				0073F4A1245519AB00AD8095 /* MarketlerCel.swift in Sources */,
				008DEE2B2452028C003ACEB2 /* Constraints.swift in Sources */,
				008DEE3524523B23003ACEB2 /* SearchBar.swift in Sources */,
				008DEE292451FBD7003ACEB2 /* UIColor.swift in Sources */,
				006D39FC24603C7400BE4736 /* AltUrunSayfasi.swift in Sources */,
				008DEE3724523BBB003ACEB2 /* CartBar.swift in Sources */,
				008DEE2D24521DDA003ACEB2 /* Alert.swift in Sources */,
				0073F4BC2455717100AD8095 /* SehirlerCel.swift in Sources */,
				008DEE3924523BD7003ACEB2 /* ProfilBar.swift in Sources */,
				0073F4A524551E4700AD8095 /* Urunler.swift in Sources */,
				006D39F8245F78EC00BE4736 /* Json.swift in Sources */,
				00CA3C5A2453EB6B00F76E49 /* FiyatCell.swift in Sources */,
				0073F4AD2455269E00AD8095 /* BegendigimMarketler.swift in Sources */,
				0073F4B524555CC200AD8095 /* WelcomeSayfa.swift in Sources */,
				00A85A9024534F000046E484 /* UIScrollView.swift in Sources */,
				0073F4B724555CE300AD8095 /* GecisController.swift in Sources */,
				006DA749246C2A490043DD3F /* CartBarCell.swift in Sources */,
			);
			runOnlyForDeploymentPostprocessing = 0;
		};
/* End PBXSourcesBuildPhase section */

/* Begin PBXVariantGroup section */
		00253BDA246A038C000A4F18 /* LaunchScreen.storyboard */ = {
			isa = PBXVariantGroup;
			children = (
				00253BDB246A038C000A4F18 /* Base */,
			);
			name = LaunchScreen.storyboard;
			sourceTree = "<group>";
		};
		00253BDC246A038C000A4F18 /* Main.storyboard */ = {
			isa = PBXVariantGroup;
			children = (
				00253BDD246A038C000A4F18 /* Base */,
			);
			name = Main.storyboard;
			sourceTree = "<group>";
		};
		00507CCC246A0D6B0081F7CF /* LaunchScreen.storyboard */ = {
			isa = PBXVariantGroup;
			children = (
				00507CCD246A0D6B0081F7CF /* Base */,
			);
			name = LaunchScreen.storyboard;
			sourceTree = "<group>";
		};
		00507CCE246A0D6B0081F7CF /* Main.storyboard */ = {
			isa = PBXVariantGroup;
			children = (
				00507CCF246A0D6B0081F7CF /* Base */,
			);
			name = Main.storyboard;
			sourceTree = "<group>";
		};
		00507D0D246A0D840081F7CF /* LaunchScreen.storyboard */ = {
			isa = PBXVariantGroup;
			children = (
				00507D0E246A0D840081F7CF /* Base */,
			);
			name = LaunchScreen.storyboard;
			sourceTree = "<group>";
		};
		00507D0F246A0D840081F7CF /* Main.storyboard */ = {
			isa = PBXVariantGroup;
			children = (
				00507D10246A0D840081F7CF /* Base */,
			);
			name = Main.storyboard;
			sourceTree = "<group>";
		};
		00507D63246A0D900081F7CF /* LaunchScreen.storyboard */ = {
			isa = PBXVariantGroup;
			children = (
				00507D64246A0D900081F7CF /* Base */,
			);
			name = LaunchScreen.storyboard;
			sourceTree = "<group>";
		};
		00507D65246A0D900081F7CF /* Main.storyboard */ = {
			isa = PBXVariantGroup;
			children = (
				00507D66246A0D900081F7CF /* Base */,
			);
			name = Main.storyboard;
			sourceTree = "<group>";
		};
		008DEE162451F9E9003ACEB2 /* Main.storyboard */ = {
			isa = PBXVariantGroup;
			children = (
				008DEE172451F9E9003ACEB2 /* Base */,
			);
			name = Main.storyboard;
			sourceTree = "<group>";
		};
		008DEE1E2451F9EE003ACEB2 /* LaunchScreen.storyboard */ = {
			isa = PBXVariantGroup;
			children = (
				008DEE1F2451F9EE003ACEB2 /* Base */,
			);
			name = LaunchScreen.storyboard;
			sourceTree = "<group>";
		};
/* End PBXVariantGroup section */

/* Begin XCBuildConfiguration section */
		008DEE222451F9EE003ACEB2 /* Debug */ = {
			isa = XCBuildConfiguration;
			buildSettings = {
				ALWAYS_SEARCH_USER_PATHS = NO;
				CLANG_ANALYZER_NONNULL = YES;
				CLANG_ANALYZER_NUMBER_OBJECT_CONVERSION = YES_AGGRESSIVE;
				CLANG_CXX_LANGUAGE_STANDARD = "gnu++14";
				CLANG_CXX_LIBRARY = "libc++";
				CLANG_ENABLE_MODULES = YES;
				CLANG_ENABLE_OBJC_ARC = YES;
				CLANG_ENABLE_OBJC_WEAK = YES;
				CLANG_WARN_BLOCK_CAPTURE_AUTORELEASING = YES;
				CLANG_WARN_BOOL_CONVERSION = YES;
				CLANG_WARN_COMMA = YES;
				CLANG_WARN_CONSTANT_CONVERSION = YES;
				CLANG_WARN_DEPRECATED_OBJC_IMPLEMENTATIONS = YES;
				CLANG_WARN_DIRECT_OBJC_ISA_USAGE = YES_ERROR;
				CLANG_WARN_DOCUMENTATION_COMMENTS = YES;
				CLANG_WARN_EMPTY_BODY = YES;
				CLANG_WARN_ENUM_CONVERSION = YES;
				CLANG_WARN_INFINITE_RECURSION = YES;
				CLANG_WARN_INT_CONVERSION = YES;
				CLANG_WARN_NON_LITERAL_NULL_CONVERSION = YES;
				CLANG_WARN_OBJC_IMPLICIT_RETAIN_SELF = YES;
				CLANG_WARN_OBJC_LITERAL_CONVERSION = YES;
				CLANG_WARN_OBJC_ROOT_CLASS = YES_ERROR;
				CLANG_WARN_RANGE_LOOP_ANALYSIS = YES;
				CLANG_WARN_STRICT_PROTOTYPES = YES;
				CLANG_WARN_SUSPICIOUS_MOVE = YES;
				CLANG_WARN_UNGUARDED_AVAILABILITY = YES_AGGRESSIVE;
				CLANG_WARN_UNREACHABLE_CODE = YES;
				CLANG_WARN__DUPLICATE_METHOD_MATCH = YES;
				COPY_PHASE_STRIP = NO;
				DEBUG_INFORMATION_FORMAT = dwarf;
				ENABLE_STRICT_OBJC_MSGSEND = YES;
				ENABLE_TESTABILITY = YES;
				GCC_C_LANGUAGE_STANDARD = gnu11;
				GCC_DYNAMIC_NO_PIC = NO;
				GCC_NO_COMMON_BLOCKS = YES;
				GCC_OPTIMIZATION_LEVEL = 0;
				GCC_PREPROCESSOR_DEFINITIONS = (
					"DEBUG=1",
					"$(inherited)",
				);
				GCC_WARN_64_TO_32_BIT_CONVERSION = YES;
				GCC_WARN_ABOUT_RETURN_TYPE = YES_ERROR;
				GCC_WARN_UNDECLARED_SELECTOR = YES;
				GCC_WARN_UNINITIALIZED_AUTOS = YES_AGGRESSIVE;
				GCC_WARN_UNUSED_FUNCTION = YES;
				GCC_WARN_UNUSED_VARIABLE = YES;
				IPHONEOS_DEPLOYMENT_TARGET = 13.0;
				MTL_ENABLE_DEBUG_INFO = INCLUDE_SOURCE;
				MTL_FAST_MATH = YES;
				ONLY_ACTIVE_ARCH = YES;
				SDKROOT = iphoneos;
				SWIFT_ACTIVE_COMPILATION_CONDITIONS = DEBUG;
				SWIFT_OPTIMIZATION_LEVEL = "-Onone";
			};
			name = Debug;
		};
		008DEE232451F9EE003ACEB2 /* Release */ = {
			isa = XCBuildConfiguration;
			buildSettings = {
				ALWAYS_SEARCH_USER_PATHS = NO;
				CLANG_ANALYZER_NONNULL = YES;
				CLANG_ANALYZER_NUMBER_OBJECT_CONVERSION = YES_AGGRESSIVE;
				CLANG_CXX_LANGUAGE_STANDARD = "gnu++14";
				CLANG_CXX_LIBRARY = "libc++";
				CLANG_ENABLE_MODULES = YES;
				CLANG_ENABLE_OBJC_ARC = YES;
				CLANG_ENABLE_OBJC_WEAK = YES;
				CLANG_WARN_BLOCK_CAPTURE_AUTORELEASING = YES;
				CLANG_WARN_BOOL_CONVERSION = YES;
				CLANG_WARN_COMMA = YES;
				CLANG_WARN_CONSTANT_CONVERSION = YES;
				CLANG_WARN_DEPRECATED_OBJC_IMPLEMENTATIONS = YES;
				CLANG_WARN_DIRECT_OBJC_ISA_USAGE = YES_ERROR;
				CLANG_WARN_DOCUMENTATION_COMMENTS = YES;
				CLANG_WARN_EMPTY_BODY = YES;
				CLANG_WARN_ENUM_CONVERSION = YES;
				CLANG_WARN_INFINITE_RECURSION = YES;
				CLANG_WARN_INT_CONVERSION = YES;
				CLANG_WARN_NON_LITERAL_NULL_CONVERSION = YES;
				CLANG_WARN_OBJC_IMPLICIT_RETAIN_SELF = YES;
				CLANG_WARN_OBJC_LITERAL_CONVERSION = YES;
				CLANG_WARN_OBJC_ROOT_CLASS = YES_ERROR;
				CLANG_WARN_RANGE_LOOP_ANALYSIS = YES;
				CLANG_WARN_STRICT_PROTOTYPES = YES;
				CLANG_WARN_SUSPICIOUS_MOVE = YES;
				CLANG_WARN_UNGUARDED_AVAILABILITY = YES_AGGRESSIVE;
				CLANG_WARN_UNREACHABLE_CODE = YES;
				CLANG_WARN__DUPLICATE_METHOD_MATCH = YES;
				COPY_PHASE_STRIP = NO;
				DEBUG_INFORMATION_FORMAT = "dwarf-with-dsym";
				ENABLE_NS_ASSERTIONS = NO;
				ENABLE_STRICT_OBJC_MSGSEND = YES;
				GCC_C_LANGUAGE_STANDARD = gnu11;
				GCC_NO_COMMON_BLOCKS = YES;
				GCC_WARN_64_TO_32_BIT_CONVERSION = YES;
				GCC_WARN_ABOUT_RETURN_TYPE = YES_ERROR;
				GCC_WARN_UNDECLARED_SELECTOR = YES;
				GCC_WARN_UNINITIALIZED_AUTOS = YES_AGGRESSIVE;
				GCC_WARN_UNUSED_FUNCTION = YES;
				GCC_WARN_UNUSED_VARIABLE = YES;
				IPHONEOS_DEPLOYMENT_TARGET = 13.0;
				MTL_ENABLE_DEBUG_INFO = NO;
				MTL_FAST_MATH = YES;
				SDKROOT = iphoneos;
				SWIFT_COMPILATION_MODE = wholemodule;
				SWIFT_OPTIMIZATION_LEVEL = "-O";
				VALIDATE_PRODUCT = YES;
			};
			name = Release;
		};
		008DEE252451F9EE003ACEB2 /* Debug */ = {
			isa = XCBuildConfiguration;
			baseConfigurationReference = 5BBC28772B70BEC10C5511CE /* Pods-Market indirimleri.debug.xcconfig */;
			buildSettings = {
				ASSETCATALOG_COMPILER_APPICON_NAME = AppIcon;
				CODE_SIGN_STYLE = Automatic;
				CURRENT_PROJECT_VERSION = 1.1;
				DEVELOPMENT_TEAM = 3XLGNFVB8K;
				FRAMEWORK_SEARCH_PATHS = (
					"$(inherited)",
					"$(PROJECT_DIR)/Carthage/Build/iOS",
					"$(PROJECT_DIR)/Carthage/Checkouts/Swift-FlexibleHeightBar/FlexibleHeightBarDemo/FlexibleHeightBarDemo",
				);
				INFOPLIST_FILE = "Market indirimleri/Info.plist";
				LD_RUNPATH_SEARCH_PATHS = (
					"$(inherited)",
					"@executable_path/Frameworks",
				);
				MARKETING_VERSION = 1.1;
				PRODUCT_BUNDLE_IDENTIFIER = com.ilyas666.Marketindirimleri;
				PRODUCT_NAME = "Market indirimleri";
				SWIFT_VERSION = 5.0;
				TARGETED_DEVICE_FAMILY = "1,2";
			};
			name = Debug;
		};
		008DEE262451F9EE003ACEB2 /* Release */ = {
			isa = XCBuildConfiguration;
			baseConfigurationReference = B63256A7421F652E9FD8419B /* Pods-Market indirimleri.release.xcconfig */;
			buildSettings = {
				ASSETCATALOG_COMPILER_APPICON_NAME = AppIcon;
				CODE_SIGN_STYLE = Automatic;
				CURRENT_PROJECT_VERSION = 1.1;
				DEVELOPMENT_TEAM = 3XLGNFVB8K;
				FRAMEWORK_SEARCH_PATHS = (
					"$(inherited)",
					"$(PROJECT_DIR)/Carthage/Build/iOS",
					"$(PROJECT_DIR)/Carthage/Checkouts/Swift-FlexibleHeightBar/FlexibleHeightBarDemo/FlexibleHeightBarDemo",
				);
				INFOPLIST_FILE = "Market indirimleri/Info.plist";
				LD_RUNPATH_SEARCH_PATHS = (
					"$(inherited)",
					"@executable_path/Frameworks",
				);
				MARKETING_VERSION = 1.1;
				PRODUCT_BUNDLE_IDENTIFIER = com.ilyas666.Marketindirimleri;
				PRODUCT_NAME = "Market indirimleri";
				SWIFT_VERSION = 5.0;
				TARGETED_DEVICE_FAMILY = "1,2";
			};
			name = Release;
		};
/* End XCBuildConfiguration section */

/* Begin XCConfigurationList section */
		008DEE082451F9E8003ACEB2 /* Build configuration list for PBXProject "Market indirimleri" */ = {
			isa = XCConfigurationList;
			buildConfigurations = (
				008DEE222451F9EE003ACEB2 /* Debug */,
				008DEE232451F9EE003ACEB2 /* Release */,
			);
			defaultConfigurationIsVisible = 0;
			defaultConfigurationName = Release;
		};
		008DEE242451F9EE003ACEB2 /* Build configuration list for PBXNativeTarget "Market indirimleri" */ = {
			isa = XCConfigurationList;
			buildConfigurations = (
				008DEE252451F9EE003ACEB2 /* Debug */,
				008DEE262451F9EE003ACEB2 /* Release */,
			);
			defaultConfigurationIsVisible = 0;
			defaultConfigurationName = Release;
		};
/* End XCConfigurationList section */

/* Begin XCVersionGroup section */
		008DEE192451F9E9003ACEB2 /* Market_indirimleri.xcdatamodeld */ = {
			isa = XCVersionGroup;
			children = (
				008DEE1A2451F9E9003ACEB2 /* Market_indirimleri.xcdatamodel */,
			);
			currentVersion = 008DEE1A2451F9E9003ACEB2 /* Market_indirimleri.xcdatamodel */;
			path = Market_indirimleri.xcdatamodeld;
			sourceTree = "<group>";
			versionGroupType = wrapper.xcdatamodel;
		};
/* End XCVersionGroup section */
	};
	rootObject = 008DEE052451F9E8003ACEB2 /* Project object */;
}
